// !$*UTF8*$!
{
	archiveVersion = 1;
	classes = {
	};
	objectVersion = 46;
	objects = {

/* Begin PBXBuildFile section */
		B94111EA2C50051E4549A284 /* libPods-IosOcDemo.a in Frameworks */ = {isa = PBXBuildFile; fileRef = 0C41294EE4344CD3B6E7DBAC /* libPods-IosOcDemo.a */; };
		CB10AE5D1DD097A9008EE25B /* ad1.jpg in Resources */ = {isa = PBXBuildFile; fileRef = CB10AE571DD097A9008EE25B /* ad1.jpg */; };
		CB10AE5E1DD097A9008EE25B /* ad2.jpg in Resources */ = {isa = PBXBuildFile; fileRef = CB10AE581DD097A9008EE25B /* ad2.jpg */; };
		CB10AE6E1DD09FB3008EE25B /* ad3.jpg in Resources */ = {isa = PBXBuildFile; fileRef = CB10AE621DD09FB3008EE25B /* ad3.jpg */; };
		CB10AE6F1DD09FB3008EE25B /* ad4.jpg in Resources */ = {isa = PBXBuildFile; fileRef = CB10AE631DD09FB3008EE25B /* ad4.jpg */; };
		CB10AE701DD09FB3008EE25B /* ad5.jpg in Resources */ = {isa = PBXBuildFile; fileRef = CB10AE641DD09FB3008EE25B /* ad5.jpg */; };
		CB10AE711DD09FB3008EE25B /* ad6.jpg in Resources */ = {isa = PBXBuildFile; fileRef = CB10AE651DD09FB3008EE25B /* ad6.jpg */; };
		CB10AE721DD09FB3008EE25B /* ad7.jpg in Resources */ = {isa = PBXBuildFile; fileRef = CB10AE661DD09FB3008EE25B /* ad7.jpg */; };
		CB10AE731DD09FB3008EE25B /* ad8.jpg in Resources */ = {isa = PBXBuildFile; fileRef = CB10AE671DD09FB3008EE25B /* ad8.jpg */; };
		CB10AE741DD09FB3008EE25B /* ad9.jpg in Resources */ = {isa = PBXBuildFile; fileRef = CB10AE681DD09FB3008EE25B /* ad9.jpg */; };
		CB37B8411DCB72C400216211 /* ad0.jpg in Resources */ = {isa = PBXBuildFile; fileRef = CB37B8401DCB72C400216211 /* ad0.jpg */; };
		CB3924591DC586A9002D5130 /* CoreData.framework in Frameworks */ = {isa = PBXBuildFile; fileRef = CB3924581DC586A9002D5130 /* CoreData.framework */; };
		CB39FC1C1DC4B7AF006E7F91 /* main.m in Sources */ = {isa = PBXBuildFile; fileRef = CB39FC1B1DC4B7AF006E7F91 /* main.m */; };
		CB39FC1F1DC4B7AF006E7F91 /* AppDelegate.m in Sources */ = {isa = PBXBuildFile; fileRef = CB39FC1E1DC4B7AF006E7F91 /* AppDelegate.m */; };
		CB39FC281DC4B7AF006E7F91 /* IosOcDemo.xcdatamodeld in Sources */ = {isa = PBXBuildFile; fileRef = CB39FC261DC4B7AF006E7F91 /* IosOcDemo.xcdatamodeld */; };
		CB39FC2A1DC4B7AF006E7F91 /* Assets.xcassets in Resources */ = {isa = PBXBuildFile; fileRef = CB39FC291DC4B7AF006E7F91 /* Assets.xcassets */; };
		CB39FC2D1DC4B7AF006E7F91 /* LaunchScreen.storyboard in Resources */ = {isa = PBXBuildFile; fileRef = CB39FC2B1DC4B7AF006E7F91 /* LaunchScreen.storyboard */; };
		CB44BA031DD2B0E70066BA50 /* recording.png in Resources */ = {isa = PBXBuildFile; fileRef = CB44BA021DD2B0E70066BA50 /* recording.png */; };
		CB44BA061DD2E5730066BA50 /* PlayVideoViewController.m in Sources */ = {isa = PBXBuildFile; fileRef = CB44BA051DD2E5730066BA50 /* PlayVideoViewController.m */; };
		CB44BA091DD2E5C80066BA50 /* PlayVideoView.m in Sources */ = {isa = PBXBuildFile; fileRef = CB44BA081DD2E5C80066BA50 /* PlayVideoView.m */; };
		CB44BA191DD31C360066BA50 /* close_video.png in Resources */ = {isa = PBXBuildFile; fileRef = CB44BA0A1DD31C360066BA50 /* close_video.png */; };
		CB44BA1A1DD31C360066BA50 /* tp_pause_button.png in Resources */ = {isa = PBXBuildFile; fileRef = CB44BA0B1DD31C360066BA50 /* tp_pause_button.png */; };
		CB44BA1B1DD31C360066BA50 /* tp_pause_button@2x.png in Resources */ = {isa = PBXBuildFile; fileRef = CB44BA0C1DD31C360066BA50 /* tp_pause_button@2x.png */; };
		CB44BA1C1DD31C360066BA50 /* tp_play_button.png in Resources */ = {isa = PBXBuildFile; fileRef = CB44BA0D1DD31C360066BA50 /* tp_play_button.png */; };
		CB44BA1D1DD31C360066BA50 /* tp_play_button@2x.png in Resources */ = {isa = PBXBuildFile; fileRef = CB44BA0E1DD31C360066BA50 /* tp_play_button@2x.png */; };
		CB44BA1E1DD31C360066BA50 /* tp_scrubber_knob_highlighted.png in Resources */ = {isa = PBXBuildFile; fileRef = CB44BA0F1DD31C360066BA50 /* tp_scrubber_knob_highlighted.png */; };
		CB44BA1F1DD31C360066BA50 /* tp_scrubber_knob_highlighted@2x.png in Resources */ = {isa = PBXBuildFile; fileRef = CB44BA101DD31C360066BA50 /* tp_scrubber_knob_highlighted@2x.png */; };
		CB44BA201DD31C360066BA50 /* tp_scrubber_knob.png in Resources */ = {isa = PBXBuildFile; fileRef = CB44BA111DD31C360066BA50 /* tp_scrubber_knob.png */; };
		CB44BA211DD31C360066BA50 /* tp_scrubber_knob@2x.png in Resources */ = {isa = PBXBuildFile; fileRef = CB44BA121DD31C360066BA50 /* tp_scrubber_knob@2x.png */; };
		CB44BA221DD31C360066BA50 /* tp_track_flex.png in Resources */ = {isa = PBXBuildFile; fileRef = CB44BA131DD31C360066BA50 /* tp_track_flex.png */; };
		CB44BA231DD31C360066BA50 /* tp_track_flex@2x.png in Resources */ = {isa = PBXBuildFile; fileRef = CB44BA141DD31C360066BA50 /* tp_track_flex@2x.png */; };
		CB44BA241DD31C360066BA50 /* tp_track_highlight_flex.png in Resources */ = {isa = PBXBuildFile; fileRef = CB44BA151DD31C360066BA50 /* tp_track_highlight_flex.png */; };
		CB44BA251DD31C360066BA50 /* tp_track_highlight_flex@2x.png in Resources */ = {isa = PBXBuildFile; fileRef = CB44BA161DD31C360066BA50 /* tp_track_highlight_flex@2x.png */; };
		CB44BA261DD31C360066BA50 /* tp_transport_base.png in Resources */ = {isa = PBXBuildFile; fileRef = CB44BA171DD31C360066BA50 /* tp_transport_base.png */; };
		CB44BA271DD31C360066BA50 /* tp_transport_base@2x.png in Resources */ = {isa = PBXBuildFile; fileRef = CB44BA181DD31C360066BA50 /* tp_transport_base@2x.png */; };
		CB44BA2B1DD325BD0066BA50 /* AVPlayerItem+THVideoPlayerAdditions.m in Sources */ = {isa = PBXBuildFile; fileRef = CB44BA2A1DD325BD0066BA50 /* AVPlayerItem+THVideoPlayerAdditions.m */; };
		CB8DC78D1DCF0E7500C9D34D /* CategoryItem.m in Sources */ = {isa = PBXBuildFile; fileRef = CB8DC78C1DCF0E7500C9D34D /* CategoryItem.m */; };
		CB8DC7901DCF0F4F00C9D34D /* CategorySubItem.m in Sources */ = {isa = PBXBuildFile; fileRef = CB8DC78F1DCF0F4F00C9D34D /* CategorySubItem.m */; };
		CB8DC7CC1DCF1ECB00C9D34D /* a6o.png in Resources */ = {isa = PBXBuildFile; fileRef = CB8DC7941DCF1ECB00C9D34D /* a6o.png */; };
		CB8DC7CD1DCF1ECB00C9D34D /* a6p.png in Resources */ = {isa = PBXBuildFile; fileRef = CB8DC7951DCF1ECB00C9D34D /* a6p.png */; };
		CB8DC7CE1DCF1ECB00C9D34D /* a6q.png in Resources */ = {isa = PBXBuildFile; fileRef = CB8DC7961DCF1ECB00C9D34D /* a6q.png */; };
		CB8DC7CF1DCF1ECB00C9D34D /* a6r.png in Resources */ = {isa = PBXBuildFile; fileRef = CB8DC7971DCF1ECB00C9D34D /* a6r.png */; };
		CB8DC7D01DCF1ECB00C9D34D /* a6s.png in Resources */ = {isa = PBXBuildFile; fileRef = CB8DC7981DCF1ECB00C9D34D /* a6s.png */; };
		CB8DC7D11DCF1ECB00C9D34D /* a6t.png in Resources */ = {isa = PBXBuildFile; fileRef = CB8DC7991DCF1ECB00C9D34D /* a6t.png */; };
		CB8DC7D21DCF1ECB00C9D34D /* a8_.png in Resources */ = {isa = PBXBuildFile; fileRef = CB8DC79A1DCF1ECB00C9D34D /* a8_.png */; };
		CB8DC7D31DCF1ECB00C9D34D /* a8a.png in Resources */ = {isa = PBXBuildFile; fileRef = CB8DC79B1DCF1ECB00C9D34D /* a8a.png */; };
		CB8DC7D41DCF1ECB00C9D34D /* a_m.png in Resources */ = {isa = PBXBuildFile; fileRef = CB8DC79C1DCF1ECB00C9D34D /* a_m.png */; };
		CB8DC7D51DCF1ECB00C9D34D /* a_n.png in Resources */ = {isa = PBXBuildFile; fileRef = CB8DC79D1DCF1ECB00C9D34D /* a_n.png */; };
		CB8DC7D61DCF1ECB00C9D34D /* a_o.png in Resources */ = {isa = PBXBuildFile; fileRef = CB8DC79E1DCF1ECB00C9D34D /* a_o.png */; };
		CB8DC7D71DCF1ECB00C9D34D /* a_s.png in Resources */ = {isa = PBXBuildFile; fileRef = CB8DC79F1DCF1ECB00C9D34D /* a_s.png */; };
		CB8DC7D81DCF1ECB00C9D34D /* aat.png in Resources */ = {isa = PBXBuildFile; fileRef = CB8DC7A01DCF1ECB00C9D34D /* aat.png */; };
		CB8DC7D91DCF1ECB00C9D34D /* aau.png in Resources */ = {isa = PBXBuildFile; fileRef = CB8DC7A11DCF1ECB00C9D34D /* aau.png */; };
		CB8DC7DA1DCF1ECB00C9D34D /* abf.png in Resources */ = {isa = PBXBuildFile; fileRef = CB8DC7A21DCF1ECB00C9D34D /* abf.png */; };
		CB8DC7DB1DCF1ECB00C9D34D /* abg.png in Resources */ = {isa = PBXBuildFile; fileRef = CB8DC7A31DCF1ECB00C9D34D /* abg.png */; };
		CB8DC7DC1DCF1ECB00C9D34D /* ag7.png in Resources */ = {isa = PBXBuildFile; fileRef = CB8DC7A41DCF1ECB00C9D34D /* ag7.png */; };
		CB8DC7DD1DCF1ECB00C9D34D /* agm.png in Resources */ = {isa = PBXBuildFile; fileRef = CB8DC7A51DCF1ECB00C9D34D /* agm.png */; };
		CB8DC7DE1DCF1ECB00C9D34D /* akf.png in Resources */ = {isa = PBXBuildFile; fileRef = CB8DC7A61DCF1ECB00C9D34D /* akf.png */; };
		CB8DC7DF1DCF1ECB00C9D34D /* aon.png in Resources */ = {isa = PBXBuildFile; fileRef = CB8DC7A71DCF1ECB00C9D34D /* aon.png */; };
		CB8DC7E01DCF1ECB00C9D34D /* aqa.png in Resources */ = {isa = PBXBuildFile; fileRef = CB8DC7A81DCF1ECB00C9D34D /* aqa.png */; };
		CB8DC7E11DCF1ECB00C9D34D /* aqm.png in Resources */ = {isa = PBXBuildFile; fileRef = CB8DC7A91DCF1ECB00C9D34D /* aqm.png */; };
		CB8DC7E21DCF1ECB00C9D34D /* aqn.png in Resources */ = {isa = PBXBuildFile; fileRef = CB8DC7AA1DCF1ECB00C9D34D /* aqn.png */; };
		CB8DC7E31DCF1ECB00C9D34D /* atm.png in Resources */ = {isa = PBXBuildFile; fileRef = CB8DC7AB1DCF1ECB00C9D34D /* atm.png */; };
		CB8DC7E41DCF1ECB00C9D34D /* atu.png in Resources */ = {isa = PBXBuildFile; fileRef = CB8DC7AC1DCF1ECB00C9D34D /* atu.png */; };
		CB8DC7E51DCF1ECB00C9D34D /* au0.png in Resources */ = {isa = PBXBuildFile; fileRef = CB8DC7AD1DCF1ECB00C9D34D /* au0.png */; };
		CB8DC7E61DCF1ECB00C9D34D /* au4.png in Resources */ = {isa = PBXBuildFile; fileRef = CB8DC7AE1DCF1ECB00C9D34D /* au4.png */; };
		CB8DC7E71DCF1ECB00C9D34D /* auu.png in Resources */ = {isa = PBXBuildFile; fileRef = CB8DC7AF1DCF1ECB00C9D34D /* auu.png */; };
		CB8DC7E81DCF1ECB00C9D34D /* biz_news_details_merchant_auth.png in Resources */ = {isa = PBXBuildFile; fileRef = CB8DC7B01DCF1ECB00C9D34D /* biz_news_details_merchant_auth.png */; };
		CB8DC7E91DCF1ECB00C9D34D /* common_input_box_clear.png in Resources */ = {isa = PBXBuildFile; fileRef = CB8DC7B11DCF1ECB00C9D34D /* common_input_box_clear.png */; };
		CB8DC7EA1DCF1ECB00C9D34D /* gtw.png in Resources */ = {isa = PBXBuildFile; fileRef = CB8DC7B21DCF1ECB00C9D34D /* gtw.png */; };
		CB8DC7EB1DCF1ECB00C9D34D /* gtx.png in Resources */ = {isa = PBXBuildFile; fileRef = CB8DC7B31DCF1ECB00C9D34D /* gtx.png */; };
		CB8DC7EC1DCF1ECB00C9D34D /* ic_com_sina_weibo_sdk_close.png in Resources */ = {isa = PBXBuildFile; fileRef = CB8DC7B41DCF1ECB00C9D34D /* ic_com_sina_weibo_sdk_close.png */; };
		CB8DC7ED1DCF1ECB00C9D34D /* icon_loginkejian.png in Resources */ = {isa = PBXBuildFile; fileRef = CB8DC7B51DCF1ECB00C9D34D /* icon_loginkejian.png */; };
		CB8DC7EE1DCF1ECB00C9D34D /* icon_loginkejian2.png in Resources */ = {isa = PBXBuildFile; fileRef = CB8DC7B61DCF1ECB00C9D34D /* icon_loginkejian2.png */; };
		CB8DC7EF1DCF1ECB00C9D34D /* icon_loginyincang.png in Resources */ = {isa = PBXBuildFile; fileRef = CB8DC7B71DCF1ECB00C9D34D /* icon_loginyincang.png */; };
		CB8DC7F01DCF1ECB00C9D34D /* img_zoom_flag.png in Resources */ = {isa = PBXBuildFile; fileRef = CB8DC7B81DCF1ECB00C9D34D /* img_zoom_flag.png */; };
		CB8DC7F11DCF1ECB00C9D34D /* night_z3.png in Resources */ = {isa = PBXBuildFile; fileRef = CB8DC7B91DCF1ECB00C9D34D /* night_z3.png */; };
		CB8DC7F21DCF1ECB00C9D34D /* night_z4.png in Resources */ = {isa = PBXBuildFile; fileRef = CB8DC7BA1DCF1ECB00C9D34D /* night_z4.png */; };
		CB8DC7F31DCF1ECB00C9D34D /* nov.png in Resources */ = {isa = PBXBuildFile; fileRef = CB8DC7BB1DCF1ECB00C9D34D /* nov.png */; };
		CB8DC7F41DCF1ECB00C9D34D /* nph.png in Resources */ = {isa = PBXBuildFile; fileRef = CB8DC7BC1DCF1ECB00C9D34D /* nph.png */; };
		CB8DC7F51DCF1ECB00C9D34D /* ntd.png in Resources */ = {isa = PBXBuildFile; fileRef = CB8DC7BD1DCF1ECB00C9D34D /* ntd.png */; };
		CB8DC7F61DCF1ECB00C9D34D /* ocd.png in Resources */ = {isa = PBXBuildFile; fileRef = CB8DC7BE1DCF1ECB00C9D34D /* ocd.png */; };
		CB8DC7F71DCF1ECB00C9D34D /* ost.png in Resources */ = {isa = PBXBuildFile; fileRef = CB8DC7BF1DCF1ECB00C9D34D /* ost.png */; };
		CB8DC7F81DCF1ECB00C9D34D /* osu.png in Resources */ = {isa = PBXBuildFile; fileRef = CB8DC7C01DCF1ECB00C9D34D /* osu.png */; };
		CB8DC7F91DCF1ECB00C9D34D /* oto.png in Resources */ = {isa = PBXBuildFile; fileRef = CB8DC7C11DCF1ECB00C9D34D /* oto.png */; };
		CB8DC7FA1DCF1ECB00C9D34D /* ouj.png in Resources */ = {isa = PBXBuildFile; fileRef = CB8DC7C21DCF1ECB00C9D34D /* ouj.png */; };
		CB8DC7FB1DCF1ECB00C9D34D /* ovx.png in Resources */ = {isa = PBXBuildFile; fileRef = CB8DC7C31DCF1ECB00C9D34D /* ovx.png */; };
		CB8DC7FC1DCF1ECB00C9D34D /* pfb.png in Resources */ = {isa = PBXBuildFile; fileRef = CB8DC7C41DCF1ECB00C9D34D /* pfb.png */; };
		CB8DC7FD1DCF1ECB00C9D34D /* pfc.png in Resources */ = {isa = PBXBuildFile; fileRef = CB8DC7C51DCF1ECB00C9D34D /* pfc.png */; };
		CB8DC7FE1DCF1ECB00C9D34D /* pfd.png in Resources */ = {isa = PBXBuildFile; fileRef = CB8DC7C61DCF1ECB00C9D34D /* pfd.png */; };
		CB8DC7FF1DCF1ECB00C9D34D /* pfe.png in Resources */ = {isa = PBXBuildFile; fileRef = CB8DC7C71DCF1ECB00C9D34D /* pfe.png */; };
		CB8DC8001DCF1ECB00C9D34D /* pff.png in Resources */ = {isa = PBXBuildFile; fileRef = CB8DC7C81DCF1ECB00C9D34D /* pff.png */; };
		CB8DC8011DCF1ECB00C9D34D /* pfg.png in Resources */ = {isa = PBXBuildFile; fileRef = CB8DC7C91DCF1ECB00C9D34D /* pfg.png */; };
		CB8DC8021DCF1ECB00C9D34D /* pfh.png in Resources */ = {isa = PBXBuildFile; fileRef = CB8DC7CA1DCF1ECB00C9D34D /* pfh.png */; };
		CB8DC8031DCF1ECB00C9D34D /* tc.png in Resources */ = {isa = PBXBuildFile; fileRef = CB8DC7CB1DCF1ECB00C9D34D /* tc.png */; };
		CBDB11111DC59DE1005B236C /* CollectManager.m in Sources */ = {isa = PBXBuildFile; fileRef = CBDB11101DC59DE1005B236C /* CollectManager.m */; };
		CBDB112D1DC5A26A005B236C /* libsqlite3.tbd in Frameworks */ = {isa = PBXBuildFile; fileRef = CBDB112C1DC5A26A005B236C /* libsqlite3.tbd */; };
		CBE8BE9E1DC5D3AC00616A5F /* CoreDataManager.m in Sources */ = {isa = PBXBuildFile; fileRef = CBE8BE9D1DC5D3AC00616A5F /* CoreDataManager.m */; };
		CBE8BEA21DC5E12900616A5F /* TabBarViewController.m in Sources */ = {isa = PBXBuildFile; fileRef = CBE8BEA11DC5E12900616A5F /* TabBarViewController.m */; };
		CBE8BEA51DC5E37B00616A5F /* ViewComponent.m in Sources */ = {isa = PBXBuildFile; fileRef = CBE8BEA41DC5E37B00616A5F /* ViewComponent.m */; };
		CBE8BEA71DC5E47D00616A5F /* CoreText.framework in Frameworks */ = {isa = PBXBuildFile; fileRef = CBE8BEA61DC5E47D00616A5F /* CoreText.framework */; };
		CBE8BEAA1DC5E86B00616A5F /* CommonTheme.m in Sources */ = {isa = PBXBuildFile; fileRef = CBE8BEA91DC5E86B00616A5F /* CommonTheme.m */; };
		CBE8BEAD1DC5E93100616A5F /* CommuneViewController.m in Sources */ = {isa = PBXBuildFile; fileRef = CBE8BEAC1DC5E93100616A5F /* CommuneViewController.m */; };
		CBE8BEB01DC5E94E00616A5F /* PublishViewController.m in Sources */ = {isa = PBXBuildFile; fileRef = CBE8BEAF1DC5E94E00616A5F /* PublishViewController.m */; };
		CBE8BEB31DC5E96A00616A5F /* UserViewController.m in Sources */ = {isa = PBXBuildFile; fileRef = CBE8BEB21DC5E96A00616A5F /* UserViewController.m */; };
		CBE8BF201DC5EC9400616A5F /* navi1.png in Resources */ = {isa = PBXBuildFile; fileRef = CBE8BEDE1DC5EC9400616A5F /* navi1.png */; };
		CBE8BF211DC5EC9400616A5F /* navi11.png in Resources */ = {isa = PBXBuildFile; fileRef = CBE8BEDF1DC5EC9400616A5F /* navi11.png */; };
		CBE8BF221DC5EC9400616A5F /* navi2.png in Resources */ = {isa = PBXBuildFile; fileRef = CBE8BEE01DC5EC9400616A5F /* navi2.png */; };
		CBE8BF231DC5EC9400616A5F /* navi22.png in Resources */ = {isa = PBXBuildFile; fileRef = CBE8BEE11DC5EC9400616A5F /* navi22.png */; };
		CBE8BF241DC5EC9400616A5F /* navi3.png in Resources */ = {isa = PBXBuildFile; fileRef = CBE8BEE21DC5EC9400616A5F /* navi3.png */; };
		CBE8BF251DC5EC9400616A5F /* navi33.png in Resources */ = {isa = PBXBuildFile; fileRef = CBE8BEE31DC5EC9400616A5F /* navi33.png */; };
		CBE8BF261DC5EC9400616A5F /* navi4.png in Resources */ = {isa = PBXBuildFile; fileRef = CBE8BEE41DC5EC9400616A5F /* navi4.png */; };
		CBE8BF271DC5EC9400616A5F /* navi44.png in Resources */ = {isa = PBXBuildFile; fileRef = CBE8BEE51DC5EC9400616A5F /* navi44.png */; };
		CBEA16BE1DC4BCC200474B2E /* InvocationHandler.m in Sources */ = {isa = PBXBuildFile; fileRef = CBEA16A21DC4BCC200474B2E /* InvocationHandler.m */; };
		CBEA16BF1DC4BCC200474B2E /* Loader.m in Sources */ = {isa = PBXBuildFile; fileRef = CBEA16A41DC4BCC200474B2E /* Loader.m */; };
		CBEA16C01DC4BCC200474B2E /* Proxy.m in Sources */ = {isa = PBXBuildFile; fileRef = CBEA16A61DC4BCC200474B2E /* Proxy.m */; };
		CBEA16C11DC4BCC200474B2E /* PublicEvent.m in Sources */ = {isa = PBXBuildFile; fileRef = CBEA16A81DC4BCC200474B2E /* PublicEvent.m */; };
		CBEA16C21DC4BCC200474B2E /* FilterImplement.m in Sources */ = {isa = PBXBuildFile; fileRef = CBEA16AB1DC4BCC200474B2E /* FilterImplement.m */; };
		CBEA16C31DC4BCC200474B2E /* AnimationEvent.m in Sources */ = {isa = PBXBuildFile; fileRef = CBEA16AF1DC4BCC200474B2E /* AnimationEvent.m */; };
		CBEA16C41DC4BCC200474B2E /* DefaultLoader.m in Sources */ = {isa = PBXBuildFile; fileRef = CBEA16B11DC4BCC200474B2E /* DefaultLoader.m */; };
		CBEA16C51DC4BCC200474B2E /* HttpRequestHelperImpl.m in Sources */ = {isa = PBXBuildFile; fileRef = CBEA16B31DC4BCC200474B2E /* HttpRequestHelperImpl.m */; };
		CBEA16C61DC4BCC200474B2E /* UrlParser.m in Sources */ = {isa = PBXBuildFile; fileRef = CBEA16B71DC4BCC200474B2E /* UrlParser.m */; };
		CBEA16C71DC4BCC200474B2E /* ViewUtils.m in Sources */ = {isa = PBXBuildFile; fileRef = CBEA16B91DC4BCC200474B2E /* ViewUtils.m */; };
		CBEA16C81DC4BCC200474B2E /* ViewState.m in Sources */ = {isa = PBXBuildFile; fileRef = CBEA16BD1DC4BCC200474B2E /* ViewState.m */; };
		CBEA16CC1DC4C19000474B2E /* BaseViewController.m in Sources */ = {isa = PBXBuildFile; fileRef = CBEA16CB1DC4C19000474B2E /* BaseViewController.m */; };
		CBEA16D31DC4CAE900474B2E /* HomeView.m in Sources */ = {isa = PBXBuildFile; fileRef = CBEA16D21DC4CAE900474B2E /* HomeView.m */; };
		CBEA16D61DC4D4FF00474B2E /* BaseView.m in Sources */ = {isa = PBXBuildFile; fileRef = CBEA16D51DC4D4FF00474B2E /* BaseView.m */; };
		CBEA89BA1DD1AC1100D7A632 /* AVFoundation.framework in Frameworks */ = {isa = PBXBuildFile; fileRef = CBEA89B91DD1AC1100D7A632 /* AVFoundation.framework */; };
		CBEA89BC1DD1AC2100D7A632 /* AVKit.framework in Frameworks */ = {isa = PBXBuildFile; fileRef = CBEA89BB1DD1AC2100D7A632 /* AVKit.framework */; };
		CBEA89BE1DD1AC3000D7A632 /* CoreVideo.framework in Frameworks */ = {isa = PBXBuildFile; fileRef = CBEA89BD1DD1AC3000D7A632 /* CoreVideo.framework */; };
		CBEA89C11DD1AC6500D7A632 /* CommuneView.m in Sources */ = {isa = PBXBuildFile; fileRef = CBEA89C01DD1AC6500D7A632 /* CommuneView.m */; };
		CBEA89D21DD1EE5F00D7A632 /* b2x.png in Resources */ = {isa = PBXBuildFile; fileRef = CBEA89C41DD1EE5F00D7A632 /* b2x.png */; };
		CBEA89D31DD1EE5F00D7A632 /* b2y.png in Resources */ = {isa = PBXBuildFile; fileRef = CBEA89C51DD1EE5F00D7A632 /* b2y.png */; };
		CBEA89D51DD1EE5F00D7A632 /* fmy.png in Resources */ = {isa = PBXBuildFile; fileRef = CBEA89C71DD1EE5F00D7A632 /* fmy.png */; };
		CBEA89D61DD1EE5F00D7A632 /* frh.png in Resources */ = {isa = PBXBuildFile; fileRef = CBEA89C81DD1EE5F00D7A632 /* frh.png */; };
		CBEA89D71DD1EE5F00D7A632 /* fri.png in Resources */ = {isa = PBXBuildFile; fileRef = CBEA89C91DD1EE5F00D7A632 /* fri.png */; };
		CBEA89D81DD1EE5F00D7A632 /* frj.png in Resources */ = {isa = PBXBuildFile; fileRef = CBEA89CA1DD1EE5F00D7A632 /* frj.png */; };
		CBEA89D91DD1EE5F00D7A632 /* global_icon_tag_live_video.png in Resources */ = {isa = PBXBuildFile; fileRef = CBEA89CB1DD1EE5F00D7A632 /* global_icon_tag_live_video.png */; };
		CBEA89DA1DD1EE5F00D7A632 /* ic_switch_camera.png in Resources */ = {isa = PBXBuildFile; fileRef = CBEA89CC1DD1EE5F00D7A632 /* ic_switch_camera.png */; };
		CBEA89DB1DD1EE5F00D7A632 /* icon_photodelete.png in Resources */ = {isa = PBXBuildFile; fileRef = CBEA89CD1DD1EE5F00D7A632 /* icon_photodelete.png */; };
		CBEA89DC1DD1EE5F00D7A632 /* icon_tabbar_delete_disabled.png in Resources */ = {isa = PBXBuildFile; fileRef = CBEA89CE1DD1EE5F00D7A632 /* icon_tabbar_delete_disabled.png */; };
		CBEA89DD1DD1EE5F00D7A632 /* iif.png in Resources */ = {isa = PBXBuildFile; fileRef = CBEA89CF1DD1EE5F00D7A632 /* iif.png */; };
		CBEA89DE1DD1EE5F00D7A632 /* iig.png in Resources */ = {isa = PBXBuildFile; fileRef = CBEA89D01DD1EE5F00D7A632 /* iig.png */; };
		CBEA89E11DD1F2E600D7A632 /* play.png in Resources */ = {isa = PBXBuildFile; fileRef = CBEA89DF1DD1F2E600D7A632 /* play.png */; };
		CBEA89E21DD1F2E600D7A632 /* record.png in Resources */ = {isa = PBXBuildFile; fileRef = CBEA89E01DD1F2E600D7A632 /* record.png */; };
		CBEB78B71DC6EC8A00819D3C /* PublishView.m in Sources */ = {isa = PBXBuildFile; fileRef = CBEB78B61DC6EC8A00819D3C /* PublishView.m */; };
		CBEEE3ED1DD0B5AA00CA0364 /* ad000.jpg in Resources */ = {isa = PBXBuildFile; fileRef = CBEEE3E31DD0B5AA00CA0364 /* ad000.jpg */; };
		CBEEE3EE1DD0B5AA00CA0364 /* ad111.jpg in Resources */ = {isa = PBXBuildFile; fileRef = CBEEE3E41DD0B5AA00CA0364 /* ad111.jpg */; };
		CBEEE3EF1DD0B5AA00CA0364 /* ad222.jpg in Resources */ = {isa = PBXBuildFile; fileRef = CBEEE3E51DD0B5AA00CA0364 /* ad222.jpg */; };
		CBEEE3F01DD0B5AA00CA0364 /* ad333.jpg in Resources */ = {isa = PBXBuildFile; fileRef = CBEEE3E61DD0B5AA00CA0364 /* ad333.jpg */; };
		CBEEE3F11DD0B5AA00CA0364 /* ad444.jpg in Resources */ = {isa = PBXBuildFile; fileRef = CBEEE3E71DD0B5AA00CA0364 /* ad444.jpg */; };
		CBEEE3F21DD0B5AA00CA0364 /* ad555.jpg in Resources */ = {isa = PBXBuildFile; fileRef = CBEEE3E81DD0B5AA00CA0364 /* ad555.jpg */; };
		CBEEE3F31DD0B5AA00CA0364 /* ad666.jpg in Resources */ = {isa = PBXBuildFile; fileRef = CBEEE3E91DD0B5AA00CA0364 /* ad666.jpg */; };
		CBEEE3F41DD0B5AA00CA0364 /* ad777.jpg in Resources */ = {isa = PBXBuildFile; fileRef = CBEEE3EA1DD0B5AA00CA0364 /* ad777.jpg */; };
		CBEEE3F51DD0B5AA00CA0364 /* ad888.jpg in Resources */ = {isa = PBXBuildFile; fileRef = CBEEE3EB1DD0B5AA00CA0364 /* ad888.jpg */; };
		CBEEE3F61DD0B5AA00CA0364 /* ad999.jpg in Resources */ = {isa = PBXBuildFile; fileRef = CBEEE3EC1DD0B5AA00CA0364 /* ad999.jpg */; };
		CBFB49FD1DC589E10018AEBA /* HomeViewController.m in Sources */ = {isa = PBXBuildFile; fileRef = CBFB49FC1DC589E10018AEBA /* HomeViewController.m */; };
/* End PBXBuildFile section */

/* Begin PBXFileReference section */
		0C41294EE4344CD3B6E7DBAC /* libPods-IosOcDemo.a */ = {isa = PBXFileReference; explicitFileType = archive.ar; includeInIndex = 0; path = "libPods-IosOcDemo.a"; sourceTree = BUILT_PRODUCTS_DIR; };
		6E486597695C169B1AEAF6C2 /* Pods-IosOcDemo.debug.xcconfig */ = {isa = PBXFileReference; includeInIndex = 1; lastKnownFileType = text.xcconfig; name = "Pods-IosOcDemo.debug.xcconfig"; path = "Pods/Target Support Files/Pods-IosOcDemo/Pods-IosOcDemo.debug.xcconfig"; sourceTree = "<group>"; };
		A14070E22A9D7E6A970B3353 /* Pods-IosOcDemo.release.xcconfig */ = {isa = PBXFileReference; includeInIndex = 1; lastKnownFileType = text.xcconfig; name = "Pods-IosOcDemo.release.xcconfig"; path = "Pods/Target Support Files/Pods-IosOcDemo/Pods-IosOcDemo.release.xcconfig"; sourceTree = "<group>"; };
		CB10AE571DD097A9008EE25B /* ad1.jpg */ = {isa = PBXFileReference; lastKnownFileType = image.jpeg; path = ad1.jpg; sourceTree = "<group>"; };
		CB10AE581DD097A9008EE25B /* ad2.jpg */ = {isa = PBXFileReference; lastKnownFileType = image.jpeg; path = ad2.jpg; sourceTree = "<group>"; };
		CB10AE621DD09FB3008EE25B /* ad3.jpg */ = {isa = PBXFileReference; lastKnownFileType = image.jpeg; path = ad3.jpg; sourceTree = "<group>"; };
		CB10AE631DD09FB3008EE25B /* ad4.jpg */ = {isa = PBXFileReference; lastKnownFileType = image.jpeg; path = ad4.jpg; sourceTree = "<group>"; };
		CB10AE641DD09FB3008EE25B /* ad5.jpg */ = {isa = PBXFileReference; lastKnownFileType = image.jpeg; path = ad5.jpg; sourceTree = "<group>"; };
		CB10AE651DD09FB3008EE25B /* ad6.jpg */ = {isa = PBXFileReference; lastKnownFileType = image.jpeg; path = ad6.jpg; sourceTree = "<group>"; };
		CB10AE661DD09FB3008EE25B /* ad7.jpg */ = {isa = PBXFileReference; lastKnownFileType = image.jpeg; path = ad7.jpg; sourceTree = "<group>"; };
		CB10AE671DD09FB3008EE25B /* ad8.jpg */ = {isa = PBXFileReference; lastKnownFileType = image.jpeg; path = ad8.jpg; sourceTree = "<group>"; };
		CB10AE681DD09FB3008EE25B /* ad9.jpg */ = {isa = PBXFileReference; lastKnownFileType = image.jpeg; path = ad9.jpg; sourceTree = "<group>"; };
		CB37B8401DCB72C400216211 /* ad0.jpg */ = {isa = PBXFileReference; lastKnownFileType = image.jpeg; path = ad0.jpg; sourceTree = "<group>"; };
		CB3924581DC586A9002D5130 /* CoreData.framework */ = {isa = PBXFileReference; lastKnownFileType = wrapper.framework; name = CoreData.framework; path = System/Library/Frameworks/CoreData.framework; sourceTree = SDKROOT; };
		CB39FC171DC4B7AF006E7F91 /* IosOcDemo.app */ = {isa = PBXFileReference; explicitFileType = wrapper.application; includeInIndex = 0; path = IosOcDemo.app; sourceTree = BUILT_PRODUCTS_DIR; };
		CB39FC1B1DC4B7AF006E7F91 /* main.m */ = {isa = PBXFileReference; lastKnownFileType = sourcecode.c.objc; path = main.m; sourceTree = "<group>"; };
		CB39FC1D1DC4B7AF006E7F91 /* AppDelegate.h */ = {isa = PBXFileReference; lastKnownFileType = sourcecode.c.h; path = AppDelegate.h; sourceTree = "<group>"; };
		CB39FC1E1DC4B7AF006E7F91 /* AppDelegate.m */ = {isa = PBXFileReference; lastKnownFileType = sourcecode.c.objc; path = AppDelegate.m; sourceTree = "<group>"; };
		CB39FC271DC4B7AF006E7F91 /* IosOcDemo.xcdatamodel */ = {isa = PBXFileReference; lastKnownFileType = wrapper.xcdatamodel; path = IosOcDemo.xcdatamodel; sourceTree = "<group>"; };
		CB39FC291DC4B7AF006E7F91 /* Assets.xcassets */ = {isa = PBXFileReference; lastKnownFileType = folder.assetcatalog; path = Assets.xcassets; sourceTree = "<group>"; };
		CB39FC2C1DC4B7AF006E7F91 /* Base */ = {isa = PBXFileReference; lastKnownFileType = file.storyboard; name = Base; path = Base.lproj/LaunchScreen.storyboard; sourceTree = "<group>"; };
		CB39FC2E1DC4B7AF006E7F91 /* Info.plist */ = {isa = PBXFileReference; lastKnownFileType = text.plist.xml; path = Info.plist; sourceTree = "<group>"; };
		CB44BA021DD2B0E70066BA50 /* recording.png */ = {isa = PBXFileReference; lastKnownFileType = image.png; path = recording.png; sourceTree = "<group>"; };
		CB44BA041DD2E5730066BA50 /* PlayVideoViewController.h */ = {isa = PBXFileReference; fileEncoding = 4; lastKnownFileType = sourcecode.c.h; path = PlayVideoViewController.h; sourceTree = "<group>"; };
		CB44BA051DD2E5730066BA50 /* PlayVideoViewController.m */ = {isa = PBXFileReference; fileEncoding = 4; lastKnownFileType = sourcecode.c.objc; path = PlayVideoViewController.m; sourceTree = "<group>"; };
		CB44BA071DD2E5C80066BA50 /* PlayVideoView.h */ = {isa = PBXFileReference; fileEncoding = 4; lastKnownFileType = sourcecode.c.h; path = PlayVideoView.h; sourceTree = "<group>"; };
		CB44BA081DD2E5C80066BA50 /* PlayVideoView.m */ = {isa = PBXFileReference; fileEncoding = 4; lastKnownFileType = sourcecode.c.objc; path = PlayVideoView.m; sourceTree = "<group>"; };
		CB44BA0A1DD31C360066BA50 /* close_video.png */ = {isa = PBXFileReference; lastKnownFileType = image.png; path = close_video.png; sourceTree = "<group>"; };
		CB44BA0B1DD31C360066BA50 /* tp_pause_button.png */ = {isa = PBXFileReference; lastKnownFileType = image.png; path = tp_pause_button.png; sourceTree = "<group>"; };
		CB44BA0C1DD31C360066BA50 /* tp_pause_button@2x.png */ = {isa = PBXFileReference; lastKnownFileType = image.png; path = "tp_pause_button@2x.png"; sourceTree = "<group>"; };
		CB44BA0D1DD31C360066BA50 /* tp_play_button.png */ = {isa = PBXFileReference; lastKnownFileType = image.png; path = tp_play_button.png; sourceTree = "<group>"; };
		CB44BA0E1DD31C360066BA50 /* tp_play_button@2x.png */ = {isa = PBXFileReference; lastKnownFileType = image.png; path = "tp_play_button@2x.png"; sourceTree = "<group>"; };
		CB44BA0F1DD31C360066BA50 /* tp_scrubber_knob_highlighted.png */ = {isa = PBXFileReference; lastKnownFileType = image.png; path = tp_scrubber_knob_highlighted.png; sourceTree = "<group>"; };
		CB44BA101DD31C360066BA50 /* tp_scrubber_knob_highlighted@2x.png */ = {isa = PBXFileReference; lastKnownFileType = image.png; path = "tp_scrubber_knob_highlighted@2x.png"; sourceTree = "<group>"; };
		CB44BA111DD31C360066BA50 /* tp_scrubber_knob.png */ = {isa = PBXFileReference; lastKnownFileType = image.png; path = tp_scrubber_knob.png; sourceTree = "<group>"; };
		CB44BA121DD31C360066BA50 /* tp_scrubber_knob@2x.png */ = {isa = PBXFileReference; lastKnownFileType = image.png; path = "tp_scrubber_knob@2x.png"; sourceTree = "<group>"; };
		CB44BA131DD31C360066BA50 /* tp_track_flex.png */ = {isa = PBXFileReference; lastKnownFileType = image.png; path = tp_track_flex.png; sourceTree = "<group>"; };
		CB44BA141DD31C360066BA50 /* tp_track_flex@2x.png */ = {isa = PBXFileReference; lastKnownFileType = image.png; path = "tp_track_flex@2x.png"; sourceTree = "<group>"; };
		CB44BA151DD31C360066BA50 /* tp_track_highlight_flex.png */ = {isa = PBXFileReference; lastKnownFileType = image.png; path = tp_track_highlight_flex.png; sourceTree = "<group>"; };
		CB44BA161DD31C360066BA50 /* tp_track_highlight_flex@2x.png */ = {isa = PBXFileReference; lastKnownFileType = image.png; path = "tp_track_highlight_flex@2x.png"; sourceTree = "<group>"; };
		CB44BA171DD31C360066BA50 /* tp_transport_base.png */ = {isa = PBXFileReference; lastKnownFileType = image.png; path = tp_transport_base.png; sourceTree = "<group>"; };
		CB44BA181DD31C360066BA50 /* tp_transport_base@2x.png */ = {isa = PBXFileReference; lastKnownFileType = image.png; path = "tp_transport_base@2x.png"; sourceTree = "<group>"; };
		CB44BA291DD325BD0066BA50 /* AVPlayerItem+THVideoPlayerAdditions.h */ = {isa = PBXFileReference; fileEncoding = 4; lastKnownFileType = sourcecode.c.h; path = "AVPlayerItem+THVideoPlayerAdditions.h"; sourceTree = "<group>"; };
		CB44BA2A1DD325BD0066BA50 /* AVPlayerItem+THVideoPlayerAdditions.m */ = {isa = PBXFileReference; fileEncoding = 4; lastKnownFileType = sourcecode.c.objc; path = "AVPlayerItem+THVideoPlayerAdditions.m"; sourceTree = "<group>"; };
		CB8DC78B1DCF0E7500C9D34D /* CategoryItem.h */ = {isa = PBXFileReference; fileEncoding = 4; lastKnownFileType = sourcecode.c.h; path = CategoryItem.h; sourceTree = "<group>"; };
		CB8DC78C1DCF0E7500C9D34D /* CategoryItem.m */ = {isa = PBXFileReference; fileEncoding = 4; lastKnownFileType = sourcecode.c.objc; path = CategoryItem.m; sourceTree = "<group>"; };
		CB8DC78E1DCF0F4F00C9D34D /* CategorySubItem.h */ = {isa = PBXFileReference; fileEncoding = 4; lastKnownFileType = sourcecode.c.h; path = CategorySubItem.h; sourceTree = "<group>"; };
		CB8DC78F1DCF0F4F00C9D34D /* CategorySubItem.m */ = {isa = PBXFileReference; fileEncoding = 4; lastKnownFileType = sourcecode.c.objc; path = CategorySubItem.m; sourceTree = "<group>"; };
		CB8DC7941DCF1ECB00C9D34D /* a6o.png */ = {isa = PBXFileReference; lastKnownFileType = image.png; path = a6o.png; sourceTree = "<group>"; };
		CB8DC7951DCF1ECB00C9D34D /* a6p.png */ = {isa = PBXFileReference; lastKnownFileType = image.png; path = a6p.png; sourceTree = "<group>"; };
		CB8DC7961DCF1ECB00C9D34D /* a6q.png */ = {isa = PBXFileReference; lastKnownFileType = image.png; path = a6q.png; sourceTree = "<group>"; };
		CB8DC7971DCF1ECB00C9D34D /* a6r.png */ = {isa = PBXFileReference; lastKnownFileType = image.png; path = a6r.png; sourceTree = "<group>"; };
		CB8DC7981DCF1ECB00C9D34D /* a6s.png */ = {isa = PBXFileReference; lastKnownFileType = image.png; path = a6s.png; sourceTree = "<group>"; };
		CB8DC7991DCF1ECB00C9D34D /* a6t.png */ = {isa = PBXFileReference; lastKnownFileType = image.png; path = a6t.png; sourceTree = "<group>"; };
		CB8DC79A1DCF1ECB00C9D34D /* a8_.png */ = {isa = PBXFileReference; lastKnownFileType = image.png; path = a8_.png; sourceTree = "<group>"; };
		CB8DC79B1DCF1ECB00C9D34D /* a8a.png */ = {isa = PBXFileReference; lastKnownFileType = image.png; path = a8a.png; sourceTree = "<group>"; };
		CB8DC79C1DCF1ECB00C9D34D /* a_m.png */ = {isa = PBXFileReference; lastKnownFileType = image.png; path = a_m.png; sourceTree = "<group>"; };
		CB8DC79D1DCF1ECB00C9D34D /* a_n.png */ = {isa = PBXFileReference; lastKnownFileType = image.png; path = a_n.png; sourceTree = "<group>"; };
		CB8DC79E1DCF1ECB00C9D34D /* a_o.png */ = {isa = PBXFileReference; lastKnownFileType = image.png; path = a_o.png; sourceTree = "<group>"; };
		CB8DC79F1DCF1ECB00C9D34D /* a_s.png */ = {isa = PBXFileReference; lastKnownFileType = image.png; path = a_s.png; sourceTree = "<group>"; };
		CB8DC7A01DCF1ECB00C9D34D /* aat.png */ = {isa = PBXFileReference; lastKnownFileType = image.png; path = aat.png; sourceTree = "<group>"; };
		CB8DC7A11DCF1ECB00C9D34D /* aau.png */ = {isa = PBXFileReference; lastKnownFileType = image.png; path = aau.png; sourceTree = "<group>"; };
		CB8DC7A21DCF1ECB00C9D34D /* abf.png */ = {isa = PBXFileReference; lastKnownFileType = image.png; path = abf.png; sourceTree = "<group>"; };
		CB8DC7A31DCF1ECB00C9D34D /* abg.png */ = {isa = PBXFileReference; lastKnownFileType = image.png; path = abg.png; sourceTree = "<group>"; };
		CB8DC7A41DCF1ECB00C9D34D /* ag7.png */ = {isa = PBXFileReference; lastKnownFileType = image.png; path = ag7.png; sourceTree = "<group>"; };
		CB8DC7A51DCF1ECB00C9D34D /* agm.png */ = {isa = PBXFileReference; lastKnownFileType = image.png; path = agm.png; sourceTree = "<group>"; };
		CB8DC7A61DCF1ECB00C9D34D /* akf.png */ = {isa = PBXFileReference; lastKnownFileType = image.png; path = akf.png; sourceTree = "<group>"; };
		CB8DC7A71DCF1ECB00C9D34D /* aon.png */ = {isa = PBXFileReference; lastKnownFileType = image.png; path = aon.png; sourceTree = "<group>"; };
		CB8DC7A81DCF1ECB00C9D34D /* aqa.png */ = {isa = PBXFileReference; lastKnownFileType = image.png; path = aqa.png; sourceTree = "<group>"; };
		CB8DC7A91DCF1ECB00C9D34D /* aqm.png */ = {isa = PBXFileReference; lastKnownFileType = image.png; path = aqm.png; sourceTree = "<group>"; };
		CB8DC7AA1DCF1ECB00C9D34D /* aqn.png */ = {isa = PBXFileReference; lastKnownFileType = image.png; path = aqn.png; sourceTree = "<group>"; };
		CB8DC7AB1DCF1ECB00C9D34D /* atm.png */ = {isa = PBXFileReference; lastKnownFileType = image.png; path = atm.png; sourceTree = "<group>"; };
		CB8DC7AC1DCF1ECB00C9D34D /* atu.png */ = {isa = PBXFileReference; lastKnownFileType = image.png; path = atu.png; sourceTree = "<group>"; };
		CB8DC7AD1DCF1ECB00C9D34D /* au0.png */ = {isa = PBXFileReference; lastKnownFileType = image.png; path = au0.png; sourceTree = "<group>"; };
		CB8DC7AE1DCF1ECB00C9D34D /* au4.png */ = {isa = PBXFileReference; lastKnownFileType = image.png; path = au4.png; sourceTree = "<group>"; };
		CB8DC7AF1DCF1ECB00C9D34D /* auu.png */ = {isa = PBXFileReference; lastKnownFileType = image.png; path = auu.png; sourceTree = "<group>"; };
		CB8DC7B01DCF1ECB00C9D34D /* biz_news_details_merchant_auth.png */ = {isa = PBXFileReference; lastKnownFileType = image.png; path = biz_news_details_merchant_auth.png; sourceTree = "<group>"; };
		CB8DC7B11DCF1ECB00C9D34D /* common_input_box_clear.png */ = {isa = PBXFileReference; lastKnownFileType = image.png; path = common_input_box_clear.png; sourceTree = "<group>"; };
		CB8DC7B21DCF1ECB00C9D34D /* gtw.png */ = {isa = PBXFileReference; lastKnownFileType = image.png; path = gtw.png; sourceTree = "<group>"; };
		CB8DC7B31DCF1ECB00C9D34D /* gtx.png */ = {isa = PBXFileReference; lastKnownFileType = image.png; path = gtx.png; sourceTree = "<group>"; };
		CB8DC7B41DCF1ECB00C9D34D /* ic_com_sina_weibo_sdk_close.png */ = {isa = PBXFileReference; lastKnownFileType = image.png; path = ic_com_sina_weibo_sdk_close.png; sourceTree = "<group>"; };
		CB8DC7B51DCF1ECB00C9D34D /* icon_loginkejian.png */ = {isa = PBXFileReference; lastKnownFileType = image.png; path = icon_loginkejian.png; sourceTree = "<group>"; };
		CB8DC7B61DCF1ECB00C9D34D /* icon_loginkejian2.png */ = {isa = PBXFileReference; lastKnownFileType = image.png; path = icon_loginkejian2.png; sourceTree = "<group>"; };
		CB8DC7B71DCF1ECB00C9D34D /* icon_loginyincang.png */ = {isa = PBXFileReference; lastKnownFileType = image.png; path = icon_loginyincang.png; sourceTree = "<group>"; };
		CB8DC7B81DCF1ECB00C9D34D /* img_zoom_flag.png */ = {isa = PBXFileReference; lastKnownFileType = image.png; path = img_zoom_flag.png; sourceTree = "<group>"; };
		CB8DC7B91DCF1ECB00C9D34D /* night_z3.png */ = {isa = PBXFileReference; lastKnownFileType = image.png; path = night_z3.png; sourceTree = "<group>"; };
		CB8DC7BA1DCF1ECB00C9D34D /* night_z4.png */ = {isa = PBXFileReference; lastKnownFileType = image.png; path = night_z4.png; sourceTree = "<group>"; };
		CB8DC7BB1DCF1ECB00C9D34D /* nov.png */ = {isa = PBXFileReference; lastKnownFileType = image.png; path = nov.png; sourceTree = "<group>"; };
		CB8DC7BC1DCF1ECB00C9D34D /* nph.png */ = {isa = PBXFileReference; lastKnownFileType = image.png; path = nph.png; sourceTree = "<group>"; };
		CB8DC7BD1DCF1ECB00C9D34D /* ntd.png */ = {isa = PBXFileReference; lastKnownFileType = image.png; path = ntd.png; sourceTree = "<group>"; };
		CB8DC7BE1DCF1ECB00C9D34D /* ocd.png */ = {isa = PBXFileReference; lastKnownFileType = image.png; path = ocd.png; sourceTree = "<group>"; };
		CB8DC7BF1DCF1ECB00C9D34D /* ost.png */ = {isa = PBXFileReference; lastKnownFileType = image.png; path = ost.png; sourceTree = "<group>"; };
		CB8DC7C01DCF1ECB00C9D34D /* osu.png */ = {isa = PBXFileReference; lastKnownFileType = image.png; path = osu.png; sourceTree = "<group>"; };
		CB8DC7C11DCF1ECB00C9D34D /* oto.png */ = {isa = PBXFileReference; lastKnownFileType = image.png; path = oto.png; sourceTree = "<group>"; };
		CB8DC7C21DCF1ECB00C9D34D /* ouj.png */ = {isa = PBXFileReference; lastKnownFileType = image.png; path = ouj.png; sourceTree = "<group>"; };
		CB8DC7C31DCF1ECB00C9D34D /* ovx.png */ = {isa = PBXFileReference; lastKnownFileType = image.png; path = ovx.png; sourceTree = "<group>"; };
		CB8DC7C41DCF1ECB00C9D34D /* pfb.png */ = {isa = PBXFileReference; lastKnownFileType = image.png; path = pfb.png; sourceTree = "<group>"; };
		CB8DC7C51DCF1ECB00C9D34D /* pfc.png */ = {isa = PBXFileReference; lastKnownFileType = image.png; path = pfc.png; sourceTree = "<group>"; };
		CB8DC7C61DCF1ECB00C9D34D /* pfd.png */ = {isa = PBXFileReference; lastKnownFileType = image.png; path = pfd.png; sourceTree = "<group>"; };
		CB8DC7C71DCF1ECB00C9D34D /* pfe.png */ = {isa = PBXFileReference; lastKnownFileType = image.png; path = pfe.png; sourceTree = "<group>"; };
		CB8DC7C81DCF1ECB00C9D34D /* pff.png */ = {isa = PBXFileReference; lastKnownFileType = image.png; path = pff.png; sourceTree = "<group>"; };
		CB8DC7C91DCF1ECB00C9D34D /* pfg.png */ = {isa = PBXFileReference; lastKnownFileType = image.png; path = pfg.png; sourceTree = "<group>"; };
		CB8DC7CA1DCF1ECB00C9D34D /* pfh.png */ = {isa = PBXFileReference; lastKnownFileType = image.png; path = pfh.png; sourceTree = "<group>"; };
		CB8DC7CB1DCF1ECB00C9D34D /* tc.png */ = {isa = PBXFileReference; lastKnownFileType = image.png; path = tc.png; sourceTree = "<group>"; };
		CBDB110F1DC59DE1005B236C /* CollectManager.h */ = {isa = PBXFileReference; fileEncoding = 4; lastKnownFileType = sourcecode.c.h; path = CollectManager.h; sourceTree = "<group>"; };
		CBDB11101DC59DE1005B236C /* CollectManager.m */ = {isa = PBXFileReference; fileEncoding = 4; lastKnownFileType = sourcecode.c.objc; path = CollectManager.m; sourceTree = "<group>"; };
		CBDB112C1DC5A26A005B236C /* libsqlite3.tbd */ = {isa = PBXFileReference; lastKnownFileType = "sourcecode.text-based-dylib-definition"; name = libsqlite3.tbd; path = usr/lib/libsqlite3.tbd; sourceTree = SDKROOT; };
		CBE8BE9C1DC5D3AC00616A5F /* CoreDataManager.h */ = {isa = PBXFileReference; fileEncoding = 4; lastKnownFileType = sourcecode.c.h; path = CoreDataManager.h; sourceTree = "<group>"; };
		CBE8BE9D1DC5D3AC00616A5F /* CoreDataManager.m */ = {isa = PBXFileReference; fileEncoding = 4; lastKnownFileType = sourcecode.c.objc; path = CoreDataManager.m; sourceTree = "<group>"; };
		CBE8BEA01DC5E12900616A5F /* TabBarViewController.h */ = {isa = PBXFileReference; fileEncoding = 4; lastKnownFileType = sourcecode.c.h; path = TabBarViewController.h; sourceTree = "<group>"; };
		CBE8BEA11DC5E12900616A5F /* TabBarViewController.m */ = {isa = PBXFileReference; fileEncoding = 4; lastKnownFileType = sourcecode.c.objc; path = TabBarViewController.m; sourceTree = "<group>"; };
		CBE8BEA31DC5E37B00616A5F /* ViewComponent.h */ = {isa = PBXFileReference; fileEncoding = 4; lastKnownFileType = sourcecode.c.h; path = ViewComponent.h; sourceTree = "<group>"; };
		CBE8BEA41DC5E37B00616A5F /* ViewComponent.m */ = {isa = PBXFileReference; fileEncoding = 4; lastKnownFileType = sourcecode.c.objc; path = ViewComponent.m; sourceTree = "<group>"; };
		CBE8BEA61DC5E47D00616A5F /* CoreText.framework */ = {isa = PBXFileReference; lastKnownFileType = wrapper.framework; name = CoreText.framework; path = System/Library/Frameworks/CoreText.framework; sourceTree = SDKROOT; };
		CBE8BEA81DC5E86B00616A5F /* CommonTheme.h */ = {isa = PBXFileReference; fileEncoding = 4; lastKnownFileType = sourcecode.c.h; path = CommonTheme.h; sourceTree = "<group>"; };
		CBE8BEA91DC5E86B00616A5F /* CommonTheme.m */ = {isa = PBXFileReference; fileEncoding = 4; lastKnownFileType = sourcecode.c.objc; path = CommonTheme.m; sourceTree = "<group>"; };
		CBE8BEAB1DC5E93100616A5F /* CommuneViewController.h */ = {isa = PBXFileReference; fileEncoding = 4; lastKnownFileType = sourcecode.c.h; path = CommuneViewController.h; sourceTree = "<group>"; };
		CBE8BEAC1DC5E93100616A5F /* CommuneViewController.m */ = {isa = PBXFileReference; fileEncoding = 4; lastKnownFileType = sourcecode.c.objc; path = CommuneViewController.m; sourceTree = "<group>"; };
		CBE8BEAE1DC5E94E00616A5F /* PublishViewController.h */ = {isa = PBXFileReference; fileEncoding = 4; lastKnownFileType = sourcecode.c.h; path = PublishViewController.h; sourceTree = "<group>"; };
		CBE8BEAF1DC5E94E00616A5F /* PublishViewController.m */ = {isa = PBXFileReference; fileEncoding = 4; lastKnownFileType = sourcecode.c.objc; path = PublishViewController.m; sourceTree = "<group>"; };
		CBE8BEB11DC5E96A00616A5F /* UserViewController.h */ = {isa = PBXFileReference; fileEncoding = 4; lastKnownFileType = sourcecode.c.h; path = UserViewController.h; sourceTree = "<group>"; };
		CBE8BEB21DC5E96A00616A5F /* UserViewController.m */ = {isa = PBXFileReference; fileEncoding = 4; lastKnownFileType = sourcecode.c.objc; path = UserViewController.m; sourceTree = "<group>"; };
		CBE8BEDE1DC5EC9400616A5F /* navi1.png */ = {isa = PBXFileReference; lastKnownFileType = image.png; path = navi1.png; sourceTree = "<group>"; };
		CBE8BEDF1DC5EC9400616A5F /* navi11.png */ = {isa = PBXFileReference; lastKnownFileType = image.png; path = navi11.png; sourceTree = "<group>"; };
		CBE8BEE01DC5EC9400616A5F /* navi2.png */ = {isa = PBXFileReference; lastKnownFileType = image.png; path = navi2.png; sourceTree = "<group>"; };
		CBE8BEE11DC5EC9400616A5F /* navi22.png */ = {isa = PBXFileReference; lastKnownFileType = image.png; path = navi22.png; sourceTree = "<group>"; };
		CBE8BEE21DC5EC9400616A5F /* navi3.png */ = {isa = PBXFileReference; lastKnownFileType = image.png; path = navi3.png; sourceTree = "<group>"; };
		CBE8BEE31DC5EC9400616A5F /* navi33.png */ = {isa = PBXFileReference; lastKnownFileType = image.png; path = navi33.png; sourceTree = "<group>"; };
		CBE8BEE41DC5EC9400616A5F /* navi4.png */ = {isa = PBXFileReference; lastKnownFileType = image.png; path = navi4.png; sourceTree = "<group>"; };
		CBE8BEE51DC5EC9400616A5F /* navi44.png */ = {isa = PBXFileReference; lastKnownFileType = image.png; path = navi44.png; sourceTree = "<group>"; };
		CBEA169B1DC4BCC200474B2E /* HttpRequestProtocol.h */ = {isa = PBXFileReference; fileEncoding = 4; lastKnownFileType = sourcecode.c.h; path = HttpRequestProtocol.h; sourceTree = "<group>"; };
		CBEA169C1DC4BCC200474B2E /* LifeCycle.h */ = {isa = PBXFileReference; fileEncoding = 4; lastKnownFileType = sourcecode.c.h; path = LifeCycle.h; sourceTree = "<group>"; };
		CBEA169D1DC4BCC200474B2E /* ProcessProtocol.h */ = {isa = PBXFileReference; fileEncoding = 4; lastKnownFileType = sourcecode.c.h; path = ProcessProtocol.h; sourceTree = "<group>"; };
		CBEA169E1DC4BCC200474B2E /* Refreshable.h */ = {isa = PBXFileReference; fileEncoding = 4; lastKnownFileType = sourcecode.c.h; path = Refreshable.h; sourceTree = "<group>"; };
		CBEA169F1DC4BCC200474B2E /* ThemeProtocol.h */ = {isa = PBXFileReference; fileEncoding = 4; lastKnownFileType = sourcecode.c.h; path = ThemeProtocol.h; sourceTree = "<group>"; };
		CBEA16A11DC4BCC200474B2E /* InvocationHandler.h */ = {isa = PBXFileReference; fileEncoding = 4; lastKnownFileType = sourcecode.c.h; path = InvocationHandler.h; sourceTree = "<group>"; };
		CBEA16A21DC4BCC200474B2E /* InvocationHandler.m */ = {isa = PBXFileReference; fileEncoding = 4; lastKnownFileType = sourcecode.c.objc; path = InvocationHandler.m; sourceTree = "<group>"; };
		CBEA16A31DC4BCC200474B2E /* Loader.h */ = {isa = PBXFileReference; fileEncoding = 4; lastKnownFileType = sourcecode.c.h; path = Loader.h; sourceTree = "<group>"; };
		CBEA16A41DC4BCC200474B2E /* Loader.m */ = {isa = PBXFileReference; fileEncoding = 4; lastKnownFileType = sourcecode.c.objc; path = Loader.m; sourceTree = "<group>"; };
		CBEA16A51DC4BCC200474B2E /* Proxy.h */ = {isa = PBXFileReference; fileEncoding = 4; lastKnownFileType = sourcecode.c.h; path = Proxy.h; sourceTree = "<group>"; };
		CBEA16A61DC4BCC200474B2E /* Proxy.m */ = {isa = PBXFileReference; fileEncoding = 4; lastKnownFileType = sourcecode.c.objc; path = Proxy.m; sourceTree = "<group>"; };
		CBEA16A71DC4BCC200474B2E /* PublicEvent.h */ = {isa = PBXFileReference; fileEncoding = 4; lastKnownFileType = sourcecode.c.h; path = PublicEvent.h; sourceTree = "<group>"; };
		CBEA16A81DC4BCC200474B2E /* PublicEvent.m */ = {isa = PBXFileReference; fileEncoding = 4; lastKnownFileType = sourcecode.c.objc; path = PublicEvent.m; sourceTree = "<group>"; };
		CBEA16AA1DC4BCC200474B2E /* FilterImplement.h */ = {isa = PBXFileReference; fileEncoding = 4; lastKnownFileType = sourcecode.c.h; path = FilterImplement.h; sourceTree = "<group>"; };
		CBEA16AB1DC4BCC200474B2E /* FilterImplement.m */ = {isa = PBXFileReference; fileEncoding = 4; lastKnownFileType = sourcecode.c.objc; path = FilterImplement.m; sourceTree = "<group>"; };
		CBEA16AC1DC4BCC200474B2E /* FilterProtocol.h */ = {isa = PBXFileReference; fileEncoding = 4; lastKnownFileType = sourcecode.c.h; path = FilterProtocol.h; sourceTree = "<group>"; };
		CBEA16AE1DC4BCC200474B2E /* AnimationEvent.h */ = {isa = PBXFileReference; fileEncoding = 4; lastKnownFileType = sourcecode.c.h; path = AnimationEvent.h; sourceTree = "<group>"; };
		CBEA16AF1DC4BCC200474B2E /* AnimationEvent.m */ = {isa = PBXFileReference; fileEncoding = 4; lastKnownFileType = sourcecode.c.objc; path = AnimationEvent.m; sourceTree = "<group>"; };
		CBEA16B01DC4BCC200474B2E /* DefaultLoader.h */ = {isa = PBXFileReference; fileEncoding = 4; lastKnownFileType = sourcecode.c.h; path = DefaultLoader.h; sourceTree = "<group>"; };
		CBEA16B11DC4BCC200474B2E /* DefaultLoader.m */ = {isa = PBXFileReference; fileEncoding = 4; lastKnownFileType = sourcecode.c.objc; path = DefaultLoader.m; sourceTree = "<group>"; };
		CBEA16B21DC4BCC200474B2E /* HttpRequestHelperImpl.h */ = {isa = PBXFileReference; fileEncoding = 4; lastKnownFileType = sourcecode.c.h; path = HttpRequestHelperImpl.h; sourceTree = "<group>"; };
		CBEA16B31DC4BCC200474B2E /* HttpRequestHelperImpl.m */ = {isa = PBXFileReference; fileEncoding = 4; lastKnownFileType = sourcecode.c.objc; path = HttpRequestHelperImpl.m; sourceTree = "<group>"; };
		CBEA16B41DC4BCC200474B2E /* JSViewProtocol.h */ = {isa = PBXFileReference; fileEncoding = 4; lastKnownFileType = sourcecode.c.h; path = JSViewProtocol.h; sourceTree = "<group>"; };
		CBEA16B51DC4BCC200474B2E /* MessageProtocol.h */ = {isa = PBXFileReference; fileEncoding = 4; lastKnownFileType = sourcecode.c.h; path = MessageProtocol.h; sourceTree = "<group>"; };
		CBEA16B61DC4BCC200474B2E /* UrlParser.h */ = {isa = PBXFileReference; fileEncoding = 4; lastKnownFileType = sourcecode.c.h; path = UrlParser.h; sourceTree = "<group>"; };
		CBEA16B71DC4BCC200474B2E /* UrlParser.m */ = {isa = PBXFileReference; fileEncoding = 4; lastKnownFileType = sourcecode.c.objc; path = UrlParser.m; sourceTree = "<group>"; };
		CBEA16B81DC4BCC200474B2E /* ViewUtils.h */ = {isa = PBXFileReference; fileEncoding = 4; lastKnownFileType = sourcecode.c.h; path = ViewUtils.h; sourceTree = "<group>"; };
		CBEA16B91DC4BCC200474B2E /* ViewUtils.m */ = {isa = PBXFileReference; fileEncoding = 4; lastKnownFileType = sourcecode.c.objc; path = ViewUtils.m; sourceTree = "<group>"; };
		CBEA16BB1DC4BCC200474B2E /* ViewProtocol.h */ = {isa = PBXFileReference; fileEncoding = 4; lastKnownFileType = sourcecode.c.h; path = ViewProtocol.h; sourceTree = "<group>"; };
		CBEA16BC1DC4BCC200474B2E /* ViewState.h */ = {isa = PBXFileReference; fileEncoding = 4; lastKnownFileType = sourcecode.c.h; path = ViewState.h; sourceTree = "<group>"; };
		CBEA16BD1DC4BCC200474B2E /* ViewState.m */ = {isa = PBXFileReference; fileEncoding = 4; lastKnownFileType = sourcecode.c.objc; path = ViewState.m; sourceTree = "<group>"; };
		CBEA16CA1DC4C19000474B2E /* BaseViewController.h */ = {isa = PBXFileReference; fileEncoding = 4; lastKnownFileType = sourcecode.c.h; path = BaseViewController.h; sourceTree = "<group>"; };
		CBEA16CB1DC4C19000474B2E /* BaseViewController.m */ = {isa = PBXFileReference; fileEncoding = 4; lastKnownFileType = sourcecode.c.objc; path = BaseViewController.m; sourceTree = "<group>"; };
		CBEA16D11DC4CAE900474B2E /* HomeView.h */ = {isa = PBXFileReference; fileEncoding = 4; lastKnownFileType = sourcecode.c.h; path = HomeView.h; sourceTree = "<group>"; };
		CBEA16D21DC4CAE900474B2E /* HomeView.m */ = {isa = PBXFileReference; fileEncoding = 4; lastKnownFileType = sourcecode.c.objc; path = HomeView.m; sourceTree = "<group>"; };
		CBEA16D41DC4D4FF00474B2E /* BaseView.h */ = {isa = PBXFileReference; fileEncoding = 4; lastKnownFileType = sourcecode.c.h; path = BaseView.h; sourceTree = "<group>"; };
		CBEA16D51DC4D4FF00474B2E /* BaseView.m */ = {isa = PBXFileReference; fileEncoding = 4; lastKnownFileType = sourcecode.c.objc; path = BaseView.m; sourceTree = "<group>"; };
		CBEA89B91DD1AC1100D7A632 /* AVFoundation.framework */ = {isa = PBXFileReference; lastKnownFileType = wrapper.framework; name = AVFoundation.framework; path = System/Library/Frameworks/AVFoundation.framework; sourceTree = SDKROOT; };
		CBEA89BB1DD1AC2100D7A632 /* AVKit.framework */ = {isa = PBXFileReference; lastKnownFileType = wrapper.framework; name = AVKit.framework; path = System/Library/Frameworks/AVKit.framework; sourceTree = SDKROOT; };
		CBEA89BD1DD1AC3000D7A632 /* CoreVideo.framework */ = {isa = PBXFileReference; lastKnownFileType = wrapper.framework; name = CoreVideo.framework; path = System/Library/Frameworks/CoreVideo.framework; sourceTree = SDKROOT; };
		CBEA89BF1DD1AC6500D7A632 /* CommuneView.h */ = {isa = PBXFileReference; fileEncoding = 4; lastKnownFileType = sourcecode.c.h; path = CommuneView.h; sourceTree = "<group>"; };
		CBEA89C01DD1AC6500D7A632 /* CommuneView.m */ = {isa = PBXFileReference; fileEncoding = 4; lastKnownFileType = sourcecode.c.objc; path = CommuneView.m; sourceTree = "<group>"; };
		CBEA89C41DD1EE5F00D7A632 /* b2x.png */ = {isa = PBXFileReference; lastKnownFileType = image.png; path = b2x.png; sourceTree = "<group>"; };
		CBEA89C51DD1EE5F00D7A632 /* b2y.png */ = {isa = PBXFileReference; lastKnownFileType = image.png; path = b2y.png; sourceTree = "<group>"; };
		CBEA89C71DD1EE5F00D7A632 /* fmy.png */ = {isa = PBXFileReference; lastKnownFileType = image.png; path = fmy.png; sourceTree = "<group>"; };
		CBEA89C81DD1EE5F00D7A632 /* frh.png */ = {isa = PBXFileReference; lastKnownFileType = image.png; path = frh.png; sourceTree = "<group>"; };
		CBEA89C91DD1EE5F00D7A632 /* fri.png */ = {isa = PBXFileReference; lastKnownFileType = image.png; path = fri.png; sourceTree = "<group>"; };
		CBEA89CA1DD1EE5F00D7A632 /* frj.png */ = {isa = PBXFileReference; lastKnownFileType = image.png; path = frj.png; sourceTree = "<group>"; };
		CBEA89CB1DD1EE5F00D7A632 /* global_icon_tag_live_video.png */ = {isa = PBXFileReference; lastKnownFileType = image.png; path = global_icon_tag_live_video.png; sourceTree = "<group>"; };
		CBEA89CC1DD1EE5F00D7A632 /* ic_switch_camera.png */ = {isa = PBXFileReference; lastKnownFileType = image.png; path = ic_switch_camera.png; sourceTree = "<group>"; };
		CBEA89CD1DD1EE5F00D7A632 /* icon_photodelete.png */ = {isa = PBXFileReference; lastKnownFileType = image.png; path = icon_photodelete.png; sourceTree = "<group>"; };
		CBEA89CE1DD1EE5F00D7A632 /* icon_tabbar_delete_disabled.png */ = {isa = PBXFileReference; lastKnownFileType = image.png; path = icon_tabbar_delete_disabled.png; sourceTree = "<group>"; };
		CBEA89CF1DD1EE5F00D7A632 /* iif.png */ = {isa = PBXFileReference; lastKnownFileType = image.png; path = iif.png; sourceTree = "<group>"; };
		CBEA89D01DD1EE5F00D7A632 /* iig.png */ = {isa = PBXFileReference; lastKnownFileType = image.png; path = iig.png; sourceTree = "<group>"; };
		CBEA89DF1DD1F2E600D7A632 /* play.png */ = {isa = PBXFileReference; lastKnownFileType = image.png; path = play.png; sourceTree = "<group>"; };
		CBEA89E01DD1F2E600D7A632 /* record.png */ = {isa = PBXFileReference; lastKnownFileType = image.png; path = record.png; sourceTree = "<group>"; };
		CBEB78B51DC6EC8A00819D3C /* PublishView.h */ = {isa = PBXFileReference; fileEncoding = 4; lastKnownFileType = sourcecode.c.h; path = PublishView.h; sourceTree = "<group>"; };
		CBEB78B61DC6EC8A00819D3C /* PublishView.m */ = {isa = PBXFileReference; fileEncoding = 4; lastKnownFileType = sourcecode.c.objc; path = PublishView.m; sourceTree = "<group>"; };
		CBEEE3E31DD0B5AA00CA0364 /* ad000.jpg */ = {isa = PBXFileReference; lastKnownFileType = image.jpeg; path = ad000.jpg; sourceTree = "<group>"; };
		CBEEE3E41DD0B5AA00CA0364 /* ad111.jpg */ = {isa = PBXFileReference; lastKnownFileType = image.jpeg; path = ad111.jpg; sourceTree = "<group>"; };
		CBEEE3E51DD0B5AA00CA0364 /* ad222.jpg */ = {isa = PBXFileReference; lastKnownFileType = image.jpeg; path = ad222.jpg; sourceTree = "<group>"; };
		CBEEE3E61DD0B5AA00CA0364 /* ad333.jpg */ = {isa = PBXFileReference; lastKnownFileType = image.jpeg; path = ad333.jpg; sourceTree = "<group>"; };
		CBEEE3E71DD0B5AA00CA0364 /* ad444.jpg */ = {isa = PBXFileReference; lastKnownFileType = image.jpeg; path = ad444.jpg; sourceTree = "<group>"; };
		CBEEE3E81DD0B5AA00CA0364 /* ad555.jpg */ = {isa = PBXFileReference; lastKnownFileType = image.jpeg; path = ad555.jpg; sourceTree = "<group>"; };
		CBEEE3E91DD0B5AA00CA0364 /* ad666.jpg */ = {isa = PBXFileReference; lastKnownFileType = image.jpeg; path = ad666.jpg; sourceTree = "<group>"; };
		CBEEE3EA1DD0B5AA00CA0364 /* ad777.jpg */ = {isa = PBXFileReference; lastKnownFileType = image.jpeg; path = ad777.jpg; sourceTree = "<group>"; };
		CBEEE3EB1DD0B5AA00CA0364 /* ad888.jpg */ = {isa = PBXFileReference; lastKnownFileType = image.jpeg; path = ad888.jpg; sourceTree = "<group>"; };
		CBEEE3EC1DD0B5AA00CA0364 /* ad999.jpg */ = {isa = PBXFileReference; lastKnownFileType = image.jpeg; path = ad999.jpg; sourceTree = "<group>"; };
		CBFB49FB1DC589E10018AEBA /* HomeViewController.h */ = {isa = PBXFileReference; fileEncoding = 4; lastKnownFileType = sourcecode.c.h; path = HomeViewController.h; sourceTree = "<group>"; };
		CBFB49FC1DC589E10018AEBA /* HomeViewController.m */ = {isa = PBXFileReference; fileEncoding = 4; lastKnownFileType = sourcecode.c.objc; path = HomeViewController.m; sourceTree = "<group>"; };
/* End PBXFileReference section */

/* Begin PBXFrameworksBuildPhase section */
		CB39FC141DC4B7AE006E7F91 /* Frameworks */ = {
			isa = PBXFrameworksBuildPhase;
			buildActionMask = 2147483647;
			files = (
				CBEA89BE1DD1AC3000D7A632 /* CoreVideo.framework in Frameworks */,
				CBEA89BC1DD1AC2100D7A632 /* AVKit.framework in Frameworks */,
				CBEA89BA1DD1AC1100D7A632 /* AVFoundation.framework in Frameworks */,
				CBE8BEA71DC5E47D00616A5F /* CoreText.framework in Frameworks */,
				CBDB112D1DC5A26A005B236C /* libsqlite3.tbd in Frameworks */,
				CB3924591DC586A9002D5130 /* CoreData.framework in Frameworks */,
				B94111EA2C50051E4549A284 /* libPods-IosOcDemo.a in Frameworks */,
			);
			runOnlyForDeploymentPostprocessing = 0;
		};
/* End PBXFrameworksBuildPhase section */

/* Begin PBXGroup section */
		CB37B83F1DCB72C400216211 /* ad */ = {
			isa = PBXGroup;
			children = (
				CBEEE3E31DD0B5AA00CA0364 /* ad000.jpg */,
				CBEEE3E41DD0B5AA00CA0364 /* ad111.jpg */,
				CBEEE3E51DD0B5AA00CA0364 /* ad222.jpg */,
				CBEEE3E61DD0B5AA00CA0364 /* ad333.jpg */,
				CBEEE3E71DD0B5AA00CA0364 /* ad444.jpg */,
				CBEEE3E81DD0B5AA00CA0364 /* ad555.jpg */,
				CBEEE3E91DD0B5AA00CA0364 /* ad666.jpg */,
				CBEEE3EA1DD0B5AA00CA0364 /* ad777.jpg */,
				CBEEE3EB1DD0B5AA00CA0364 /* ad888.jpg */,
				CBEEE3EC1DD0B5AA00CA0364 /* ad999.jpg */,
				CB10AE621DD09FB3008EE25B /* ad3.jpg */,
				CB10AE631DD09FB3008EE25B /* ad4.jpg */,
				CB10AE641DD09FB3008EE25B /* ad5.jpg */,
				CB10AE651DD09FB3008EE25B /* ad6.jpg */,
				CB10AE661DD09FB3008EE25B /* ad7.jpg */,
				CB10AE671DD09FB3008EE25B /* ad8.jpg */,
				CB10AE681DD09FB3008EE25B /* ad9.jpg */,
				CB10AE571DD097A9008EE25B /* ad1.jpg */,
				CB10AE581DD097A9008EE25B /* ad2.jpg */,
				CB37B8401DCB72C400216211 /* ad0.jpg */,
			);
			path = ad;
			sourceTree = "<group>";
		};
		CB3924571DC586A8002D5130 /* Frameworks */ = {
			isa = PBXGroup;
			children = (
				CBEA89BD1DD1AC3000D7A632 /* CoreVideo.framework */,
				CBEA89BB1DD1AC2100D7A632 /* AVKit.framework */,
				CBEA89B91DD1AC1100D7A632 /* AVFoundation.framework */,
				CBE8BEA61DC5E47D00616A5F /* CoreText.framework */,
				CBDB112C1DC5A26A005B236C /* libsqlite3.tbd */,
				CB3924581DC586A9002D5130 /* CoreData.framework */,
				0C41294EE4344CD3B6E7DBAC /* libPods-IosOcDemo.a */,
			);
			name = Frameworks;
			sourceTree = "<group>";
		};
		CB39FC0E1DC4B7AE006E7F91 = {
			isa = PBXGroup;
			children = (
				CBEA16991DC4BCC200474B2E /* ZFramework */,
				CB39FC191DC4B7AF006E7F91 /* IosOcDemo */,
				CB39FC181DC4B7AF006E7F91 /* Products */,
				CB3924571DC586A8002D5130 /* Frameworks */,
				D20BA50650AD9BAD67EEF984 /* Pods */,
			);
			sourceTree = "<group>";
		};
		CB39FC181DC4B7AF006E7F91 /* Products */ = {
			isa = PBXGroup;
			children = (
				CB39FC171DC4B7AF006E7F91 /* IosOcDemo.app */,
			);
			name = Products;
			sourceTree = "<group>";
		};
		CB39FC191DC4B7AF006E7F91 /* IosOcDemo */ = {
			isa = PBXGroup;
			children = (
				CB44BA281DD325BD0066BA50 /* Categories */,
				CB8DC7891DCF0E3D00C9D34D /* Model */,
				CBE8BEB71DC5EC9400616A5F /* resource */,
				CBE8BE9F1DC5DEBC00616A5F /* Component */,
				CBDB110E1DC59DBA005B236C /* DataManager */,
				CB39FC1D1DC4B7AF006E7F91 /* AppDelegate.h */,
				CB39FC1E1DC4B7AF006E7F91 /* AppDelegate.m */,
				CBFB49F41DC588EF0018AEBA /* Controller */,
				CBEA16D01DC4CAB900474B2E /* View */,
				CBEA16C91DC4C13D00474B2E /* Base */,
				CB39FC291DC4B7AF006E7F91 /* Assets.xcassets */,
				CB39FC2B1DC4B7AF006E7F91 /* LaunchScreen.storyboard */,
				CB39FC2E1DC4B7AF006E7F91 /* Info.plist */,
				CB39FC261DC4B7AF006E7F91 /* IosOcDemo.xcdatamodeld */,
				CB39FC1A1DC4B7AF006E7F91 /* Supporting Files */,
			);
			path = IosOcDemo;
			sourceTree = "<group>";
		};
		CB39FC1A1DC4B7AF006E7F91 /* Supporting Files */ = {
			isa = PBXGroup;
			children = (
				CB39FC1B1DC4B7AF006E7F91 /* main.m */,
			);
			name = "Supporting Files";
			sourceTree = "<group>";
		};
		CB44BA281DD325BD0066BA50 /* Categories */ = {
			isa = PBXGroup;
			children = (
				CB44BA291DD325BD0066BA50 /* AVPlayerItem+THVideoPlayerAdditions.h */,
				CB44BA2A1DD325BD0066BA50 /* AVPlayerItem+THVideoPlayerAdditions.m */,
			);
			path = Categories;
			sourceTree = "<group>";
		};
		CB8DC7891DCF0E3D00C9D34D /* Model */ = {
			isa = PBXGroup;
			children = (
				CB8DC78A1DCF0E3D00C9D34D /* Publish */,
			);
			path = Model;
			sourceTree = "<group>";
		};
		CB8DC78A1DCF0E3D00C9D34D /* Publish */ = {
			isa = PBXGroup;
			children = (
				CB8DC78B1DCF0E7500C9D34D /* CategoryItem.h */,
				CB8DC78C1DCF0E7500C9D34D /* CategoryItem.m */,
				CB8DC78E1DCF0F4F00C9D34D /* CategorySubItem.h */,
				CB8DC78F1DCF0F4F00C9D34D /* CategorySubItem.m */,
			);
			path = Publish;
			sourceTree = "<group>";
		};
		CB8DC7931DCF1ECB00C9D34D /* common */ = {
			isa = PBXGroup;
			children = (
				CB8DC7941DCF1ECB00C9D34D /* a6o.png */,
				CB8DC7951DCF1ECB00C9D34D /* a6p.png */,
				CB8DC7961DCF1ECB00C9D34D /* a6q.png */,
				CB8DC7971DCF1ECB00C9D34D /* a6r.png */,
				CB8DC7981DCF1ECB00C9D34D /* a6s.png */,
				CB8DC7991DCF1ECB00C9D34D /* a6t.png */,
				CB8DC79A1DCF1ECB00C9D34D /* a8_.png */,
				CB8DC79B1DCF1ECB00C9D34D /* a8a.png */,
				CB8DC79C1DCF1ECB00C9D34D /* a_m.png */,
				CB8DC79D1DCF1ECB00C9D34D /* a_n.png */,
				CB8DC79E1DCF1ECB00C9D34D /* a_o.png */,
				CB8DC79F1DCF1ECB00C9D34D /* a_s.png */,
				CB8DC7A01DCF1ECB00C9D34D /* aat.png */,
				CB8DC7A11DCF1ECB00C9D34D /* aau.png */,
				CB8DC7A21DCF1ECB00C9D34D /* abf.png */,
				CB8DC7A31DCF1ECB00C9D34D /* abg.png */,
				CB8DC7A41DCF1ECB00C9D34D /* ag7.png */,
				CB8DC7A51DCF1ECB00C9D34D /* agm.png */,
				CB8DC7A61DCF1ECB00C9D34D /* akf.png */,
				CB8DC7A71DCF1ECB00C9D34D /* aon.png */,
				CB8DC7A81DCF1ECB00C9D34D /* aqa.png */,
				CB8DC7A91DCF1ECB00C9D34D /* aqm.png */,
				CB8DC7AA1DCF1ECB00C9D34D /* aqn.png */,
				CB8DC7AB1DCF1ECB00C9D34D /* atm.png */,
				CB8DC7AC1DCF1ECB00C9D34D /* atu.png */,
				CB8DC7AD1DCF1ECB00C9D34D /* au0.png */,
				CB8DC7AE1DCF1ECB00C9D34D /* au4.png */,
				CB8DC7AF1DCF1ECB00C9D34D /* auu.png */,
				CB8DC7B01DCF1ECB00C9D34D /* biz_news_details_merchant_auth.png */,
				CB8DC7B11DCF1ECB00C9D34D /* common_input_box_clear.png */,
				CB8DC7B21DCF1ECB00C9D34D /* gtw.png */,
				CB8DC7B31DCF1ECB00C9D34D /* gtx.png */,
				CB8DC7B41DCF1ECB00C9D34D /* ic_com_sina_weibo_sdk_close.png */,
				CB8DC7B51DCF1ECB00C9D34D /* icon_loginkejian.png */,
				CB8DC7B61DCF1ECB00C9D34D /* icon_loginkejian2.png */,
				CB8DC7B71DCF1ECB00C9D34D /* icon_loginyincang.png */,
				CB8DC7B81DCF1ECB00C9D34D /* img_zoom_flag.png */,
				CB8DC7B91DCF1ECB00C9D34D /* night_z3.png */,
				CB8DC7BA1DCF1ECB00C9D34D /* night_z4.png */,
				CB8DC7BB1DCF1ECB00C9D34D /* nov.png */,
				CB8DC7BC1DCF1ECB00C9D34D /* nph.png */,
				CB8DC7BD1DCF1ECB00C9D34D /* ntd.png */,
				CB8DC7BE1DCF1ECB00C9D34D /* ocd.png */,
				CB8DC7BF1DCF1ECB00C9D34D /* ost.png */,
				CB8DC7C01DCF1ECB00C9D34D /* osu.png */,
				CB8DC7C11DCF1ECB00C9D34D /* oto.png */,
				CB8DC7C21DCF1ECB00C9D34D /* ouj.png */,
				CB8DC7C31DCF1ECB00C9D34D /* ovx.png */,
				CB8DC7C41DCF1ECB00C9D34D /* pfb.png */,
				CB8DC7C51DCF1ECB00C9D34D /* pfc.png */,
				CB8DC7C61DCF1ECB00C9D34D /* pfd.png */,
				CB8DC7C71DCF1ECB00C9D34D /* pfe.png */,
				CB8DC7C81DCF1ECB00C9D34D /* pff.png */,
				CB8DC7C91DCF1ECB00C9D34D /* pfg.png */,
				CB8DC7CA1DCF1ECB00C9D34D /* pfh.png */,
				CB8DC7CB1DCF1ECB00C9D34D /* tc.png */,
			);
			path = common;
			sourceTree = "<group>";
		};
		CBDB110E1DC59DBA005B236C /* DataManager */ = {
			isa = PBXGroup;
			children = (
				CBDB110F1DC59DE1005B236C /* CollectManager.h */,
				CBDB11101DC59DE1005B236C /* CollectManager.m */,
				CBE8BE9C1DC5D3AC00616A5F /* CoreDataManager.h */,
				CBE8BE9D1DC5D3AC00616A5F /* CoreDataManager.m */,
			);
			path = DataManager;
			sourceTree = "<group>";
		};
		CBE8BE9F1DC5DEBC00616A5F /* Component */ = {
			isa = PBXGroup;
			children = (
				CBE8BEA81DC5E86B00616A5F /* CommonTheme.h */,
				CBE8BEA91DC5E86B00616A5F /* CommonTheme.m */,
				CBE8BEA31DC5E37B00616A5F /* ViewComponent.h */,
				CBE8BEA41DC5E37B00616A5F /* ViewComponent.m */,
			);
			path = Component;
			sourceTree = "<group>";
		};
		CBE8BEB71DC5EC9400616A5F /* resource */ = {
			isa = PBXGroup;
			children = (
				CBEA89C21DD1EE5F00D7A632 /* play */,
				CB8DC7931DCF1ECB00C9D34D /* common */,
				CB37B83F1DCB72C400216211 /* ad */,
				CBE8BEDE1DC5EC9400616A5F /* navi1.png */,
				CBE8BEDF1DC5EC9400616A5F /* navi11.png */,
				CBE8BEE01DC5EC9400616A5F /* navi2.png */,
				CBE8BEE11DC5EC9400616A5F /* navi22.png */,
				CBE8BEE21DC5EC9400616A5F /* navi3.png */,
				CBE8BEE31DC5EC9400616A5F /* navi33.png */,
				CBE8BEE41DC5EC9400616A5F /* navi4.png */,
				CBE8BEE51DC5EC9400616A5F /* navi44.png */,
			);
			path = resource;
			sourceTree = "<group>";
		};
		CBEA16991DC4BCC200474B2E /* ZFramework */ = {
			isa = PBXGroup;
			children = (
				CBEA169A1DC4BCC200474B2E /* base */,
				CBEA16A01DC4BCC200474B2E /* core */,
				CBEA16A91DC4BCC200474B2E /* Filter */,
				CBEA16AD1DC4BCC200474B2E /* support */,
				CBEA16BA1DC4BCC200474B2E /* ViewFactory */,
			);
			path = ZFramework;
			sourceTree = "<group>";
		};
		CBEA169A1DC4BCC200474B2E /* base */ = {
			isa = PBXGroup;
			children = (
				CBEA169B1DC4BCC200474B2E /* HttpRequestProtocol.h */,
				CBEA169C1DC4BCC200474B2E /* LifeCycle.h */,
				CBEA169D1DC4BCC200474B2E /* ProcessProtocol.h */,
				CBEA169E1DC4BCC200474B2E /* Refreshable.h */,
				CBEA169F1DC4BCC200474B2E /* ThemeProtocol.h */,
			);
			path = base;
			sourceTree = "<group>";
		};
		CBEA16A01DC4BCC200474B2E /* core */ = {
			isa = PBXGroup;
			children = (
				CBEA16A11DC4BCC200474B2E /* InvocationHandler.h */,
				CBEA16A21DC4BCC200474B2E /* InvocationHandler.m */,
				CBEA16A31DC4BCC200474B2E /* Loader.h */,
				CBEA16A41DC4BCC200474B2E /* Loader.m */,
				CBEA16A51DC4BCC200474B2E /* Proxy.h */,
				CBEA16A61DC4BCC200474B2E /* Proxy.m */,
				CBEA16A71DC4BCC200474B2E /* PublicEvent.h */,
				CBEA16A81DC4BCC200474B2E /* PublicEvent.m */,
			);
			path = core;
			sourceTree = "<group>";
		};
		CBEA16A91DC4BCC200474B2E /* Filter */ = {
			isa = PBXGroup;
			children = (
				CBEA16AA1DC4BCC200474B2E /* FilterImplement.h */,
				CBEA16AB1DC4BCC200474B2E /* FilterImplement.m */,
				CBEA16AC1DC4BCC200474B2E /* FilterProtocol.h */,
			);
			path = Filter;
			sourceTree = "<group>";
		};
		CBEA16AD1DC4BCC200474B2E /* support */ = {
			isa = PBXGroup;
			children = (
				CBEA16AE1DC4BCC200474B2E /* AnimationEvent.h */,
				CBEA16AF1DC4BCC200474B2E /* AnimationEvent.m */,
				CBEA16B01DC4BCC200474B2E /* DefaultLoader.h */,
				CBEA16B11DC4BCC200474B2E /* DefaultLoader.m */,
				CBEA16B21DC4BCC200474B2E /* HttpRequestHelperImpl.h */,
				CBEA16B31DC4BCC200474B2E /* HttpRequestHelperImpl.m */,
				CBEA16B41DC4BCC200474B2E /* JSViewProtocol.h */,
				CBEA16B51DC4BCC200474B2E /* MessageProtocol.h */,
				CBEA16B61DC4BCC200474B2E /* UrlParser.h */,
				CBEA16B71DC4BCC200474B2E /* UrlParser.m */,
				CBEA16B81DC4BCC200474B2E /* ViewUtils.h */,
				CBEA16B91DC4BCC200474B2E /* ViewUtils.m */,
			);
			path = support;
			sourceTree = "<group>";
		};
		CBEA16BA1DC4BCC200474B2E /* ViewFactory */ = {
			isa = PBXGroup;
			children = (
				CBEA16BB1DC4BCC200474B2E /* ViewProtocol.h */,
				CBEA16BC1DC4BCC200474B2E /* ViewState.h */,
				CBEA16BD1DC4BCC200474B2E /* ViewState.m */,
			);
			path = ViewFactory;
			sourceTree = "<group>";
		};
		CBEA16C91DC4C13D00474B2E /* Base */ = {
			isa = PBXGroup;
			children = (
				CBEA16CA1DC4C19000474B2E /* BaseViewController.h */,
				CBEA16CB1DC4C19000474B2E /* BaseViewController.m */,
				CBEA16D41DC4D4FF00474B2E /* BaseView.h */,
				CBEA16D51DC4D4FF00474B2E /* BaseView.m */,
			);
			path = Base;
			sourceTree = "<group>";
		};
		CBEA16D01DC4CAB900474B2E /* View */ = {
			isa = PBXGroup;
			children = (
				CBEA16D11DC4CAE900474B2E /* HomeView.h */,
				CBEA16D21DC4CAE900474B2E /* HomeView.m */,
				CBEB78B51DC6EC8A00819D3C /* PublishView.h */,
				CBEB78B61DC6EC8A00819D3C /* PublishView.m */,
				CBEA89BF1DD1AC6500D7A632 /* CommuneView.h */,
				CBEA89C01DD1AC6500D7A632 /* CommuneView.m */,
				CB44BA071DD2E5C80066BA50 /* PlayVideoView.h */,
				CB44BA081DD2E5C80066BA50 /* PlayVideoView.m */,
			);
			path = View;
			sourceTree = "<group>";
		};
		CBEA89C21DD1EE5F00D7A632 /* play */ = {
			isa = PBXGroup;
			children = (
				CB44BA0A1DD31C360066BA50 /* close_video.png */,
				CB44BA0B1DD31C360066BA50 /* tp_pause_button.png */,
				CB44BA0C1DD31C360066BA50 /* tp_pause_button@2x.png */,
				CB44BA0D1DD31C360066BA50 /* tp_play_button.png */,
				CB44BA0E1DD31C360066BA50 /* tp_play_button@2x.png */,
				CB44BA0F1DD31C360066BA50 /* tp_scrubber_knob_highlighted.png */,
				CB44BA101DD31C360066BA50 /* tp_scrubber_knob_highlighted@2x.png */,
				CB44BA111DD31C360066BA50 /* tp_scrubber_knob.png */,
				CB44BA121DD31C360066BA50 /* tp_scrubber_knob@2x.png */,
				CB44BA131DD31C360066BA50 /* tp_track_flex.png */,
				CB44BA141DD31C360066BA50 /* tp_track_flex@2x.png */,
				CB44BA151DD31C360066BA50 /* tp_track_highlight_flex.png */,
				CB44BA161DD31C360066BA50 /* tp_track_highlight_flex@2x.png */,
				CB44BA171DD31C360066BA50 /* tp_transport_base.png */,
				CB44BA181DD31C360066BA50 /* tp_transport_base@2x.png */,
				CB44BA021DD2B0E70066BA50 /* recording.png */,
				CBEA89DF1DD1F2E600D7A632 /* play.png */,
				CBEA89E01DD1F2E600D7A632 /* record.png */,
				CBEA89C41DD1EE5F00D7A632 /* b2x.png */,
				CBEA89C51DD1EE5F00D7A632 /* b2y.png */,
				CBEA89C71DD1EE5F00D7A632 /* fmy.png */,
				CBEA89C81DD1EE5F00D7A632 /* frh.png */,
				CBEA89C91DD1EE5F00D7A632 /* fri.png */,
				CBEA89CA1DD1EE5F00D7A632 /* frj.png */,
				CBEA89CB1DD1EE5F00D7A632 /* global_icon_tag_live_video.png */,
				CBEA89CC1DD1EE5F00D7A632 /* ic_switch_camera.png */,
				CBEA89CD1DD1EE5F00D7A632 /* icon_photodelete.png */,
				CBEA89CE1DD1EE5F00D7A632 /* icon_tabbar_delete_disabled.png */,
				CBEA89CF1DD1EE5F00D7A632 /* iif.png */,
				CBEA89D01DD1EE5F00D7A632 /* iig.png */,
			);
			path = play;
			sourceTree = "<group>";
		};
		CBFB49F41DC588EF0018AEBA /* Controller */ = {
			isa = PBXGroup;
			children = (
				CBFB49FB1DC589E10018AEBA /* HomeViewController.h */,
				CBFB49FC1DC589E10018AEBA /* HomeViewController.m */,
				CBE8BEA01DC5E12900616A5F /* TabBarViewController.h */,
				CBE8BEA11DC5E12900616A5F /* TabBarViewController.m */,
				CBE8BEAB1DC5E93100616A5F /* CommuneViewController.h */,
				CBE8BEAC1DC5E93100616A5F /* CommuneViewController.m */,
				CBE8BEAE1DC5E94E00616A5F /* PublishViewController.h */,
				CBE8BEAF1DC5E94E00616A5F /* PublishViewController.m */,
				CBE8BEB11DC5E96A00616A5F /* UserViewController.h */,
				CBE8BEB21DC5E96A00616A5F /* UserViewController.m */,
				CB44BA041DD2E5730066BA50 /* PlayVideoViewController.h */,
				CB44BA051DD2E5730066BA50 /* PlayVideoViewController.m */,
			);
			path = Controller;
			sourceTree = "<group>";
		};
		D20BA50650AD9BAD67EEF984 /* Pods */ = {
			isa = PBXGroup;
			children = (
				6E486597695C169B1AEAF6C2 /* Pods-IosOcDemo.debug.xcconfig */,
				A14070E22A9D7E6A970B3353 /* Pods-IosOcDemo.release.xcconfig */,
			);
			name = Pods;
			sourceTree = "<group>";
		};
/* End PBXGroup section */

/* Begin PBXNativeTarget section */
		CB39FC161DC4B7AE006E7F91 /* IosOcDemo */ = {
			isa = PBXNativeTarget;
			buildConfigurationList = CB39FC311DC4B7AF006E7F91 /* Build configuration list for PBXNativeTarget "IosOcDemo" */;
			buildPhases = (
				B5C70BB1B887AFD95CE17EDF /* [CP] Check Pods Manifest.lock */,
				CB39FC131DC4B7AE006E7F91 /* Sources */,
				CB39FC141DC4B7AE006E7F91 /* Frameworks */,
				CB39FC151DC4B7AE006E7F91 /* Resources */,
				EF6BE2FA647123463623AB46 /* [CP] Embed Pods Frameworks */,
				87A93F7C31B6FC944854263B /* [CP] Copy Pods Resources */,
			);
			buildRules = (
			);
			dependencies = (
			);
			name = IosOcDemo;
			productName = IosOcDemo;
			productReference = CB39FC171DC4B7AF006E7F91 /* IosOcDemo.app */;
			productType = "com.apple.product-type.application";
		};
/* End PBXNativeTarget section */

/* Begin PBXProject section */
		CB39FC0F1DC4B7AE006E7F91 /* Project object */ = {
			isa = PBXProject;
			attributes = {
				LastUpgradeCheck = 0810;
				ORGANIZATIONNAME = Zhou;
				TargetAttributes = {
					CB39FC161DC4B7AE006E7F91 = {
						CreatedOnToolsVersion = 8.1;
						DevelopmentTeam = KNPK5829MU;
						ProvisioningStyle = Automatic;
					};
				};
			};
			buildConfigurationList = CB39FC121DC4B7AE006E7F91 /* Build configuration list for PBXProject "IosOcDemo" */;
			compatibilityVersion = "Xcode 3.2";
			developmentRegion = English;
			hasScannedForEncodings = 0;
			knownRegions = (
				en,
				Base,
			);
			mainGroup = CB39FC0E1DC4B7AE006E7F91;
			productRefGroup = CB39FC181DC4B7AF006E7F91 /* Products */;
			projectDirPath = "";
			projectRoot = "";
			targets = (
				CB39FC161DC4B7AE006E7F91 /* IosOcDemo */,
			);
		};
/* End PBXProject section */

/* Begin PBXResourcesBuildPhase section */
		CB39FC151DC4B7AE006E7F91 /* Resources */ = {
			isa = PBXResourcesBuildPhase;
			buildActionMask = 2147483647;
			files = (
				CB10AE701DD09FB3008EE25B /* ad5.jpg in Resources */,
				CB8DC8001DCF1ECB00C9D34D /* pff.png in Resources */,
				CBEA89D81DD1EE5F00D7A632 /* frj.png in Resources */,
				CBEEE3F41DD0B5AA00CA0364 /* ad777.jpg in Resources */,
				CBEEE3EE1DD0B5AA00CA0364 /* ad111.jpg in Resources */,
				CBE8BF271DC5EC9400616A5F /* navi44.png in Resources */,
				CBEEE3F21DD0B5AA00CA0364 /* ad555.jpg in Resources */,
				CB44BA271DD31C360066BA50 /* tp_transport_base@2x.png in Resources */,
				CB8DC7EC1DCF1ECB00C9D34D /* ic_com_sina_weibo_sdk_close.png in Resources */,
				CB8DC7E91DCF1ECB00C9D34D /* common_input_box_clear.png in Resources */,
				CB8DC7DB1DCF1ECB00C9D34D /* abg.png in Resources */,
				CB37B8411DCB72C400216211 /* ad0.jpg in Resources */,
				CB44BA1A1DD31C360066BA50 /* tp_pause_button.png in Resources */,
				CB8DC7F11DCF1ECB00C9D34D /* night_z3.png in Resources */,
				CBEA89D51DD1EE5F00D7A632 /* fmy.png in Resources */,
				CB44BA251DD31C360066BA50 /* tp_track_highlight_flex@2x.png in Resources */,
				CB8DC7FC1DCF1ECB00C9D34D /* pfb.png in Resources */,
				CB8DC7FB1DCF1ECB00C9D34D /* ovx.png in Resources */,
				CB8DC7F41DCF1ECB00C9D34D /* nph.png in Resources */,
				CB8DC7E11DCF1ECB00C9D34D /* aqm.png in Resources */,
				CB10AE721DD09FB3008EE25B /* ad7.jpg in Resources */,
				CB44BA201DD31C360066BA50 /* tp_scrubber_knob.png in Resources */,
				CB8DC7D81DCF1ECB00C9D34D /* aat.png in Resources */,
				CB8DC7CE1DCF1ECB00C9D34D /* a6q.png in Resources */,
				CBEA89D91DD1EE5F00D7A632 /* global_icon_tag_live_video.png in Resources */,
				CB8DC7CC1DCF1ECB00C9D34D /* a6o.png in Resources */,
				CBEEE3F31DD0B5AA00CA0364 /* ad666.jpg in Resources */,
				CB8DC7CD1DCF1ECB00C9D34D /* a6p.png in Resources */,
				CB8DC7FA1DCF1ECB00C9D34D /* ouj.png in Resources */,
				CB8DC7D91DCF1ECB00C9D34D /* aau.png in Resources */,
				CB8DC7E51DCF1ECB00C9D34D /* au0.png in Resources */,
				CB8DC7CF1DCF1ECB00C9D34D /* a6r.png in Resources */,
				CBEEE3F51DD0B5AA00CA0364 /* ad888.jpg in Resources */,
				CBEA89E11DD1F2E600D7A632 /* play.png in Resources */,
				CB8DC7EB1DCF1ECB00C9D34D /* gtx.png in Resources */,
				CB8DC7EA1DCF1ECB00C9D34D /* gtw.png in Resources */,
				CB8DC7E71DCF1ECB00C9D34D /* auu.png in Resources */,
				CB8DC7D31DCF1ECB00C9D34D /* a8a.png in Resources */,
				CBEA89D21DD1EE5F00D7A632 /* b2x.png in Resources */,
				CB44BA1C1DD31C360066BA50 /* tp_play_button.png in Resources */,
				CB8DC7E61DCF1ECB00C9D34D /* au4.png in Resources */,
				CB44BA231DD31C360066BA50 /* tp_track_flex@2x.png in Resources */,
				CB8DC8021DCF1ECB00C9D34D /* pfh.png in Resources */,
				CBEA89D31DD1EE5F00D7A632 /* b2y.png in Resources */,
				CB8DC7D21DCF1ECB00C9D34D /* a8_.png in Resources */,
				CB8DC7DD1DCF1ECB00C9D34D /* agm.png in Resources */,
				CB8DC7DE1DCF1ECB00C9D34D /* akf.png in Resources */,
				CBEA89D71DD1EE5F00D7A632 /* fri.png in Resources */,
				CBEA89DD1DD1EE5F00D7A632 /* iif.png in Resources */,
				CB44BA221DD31C360066BA50 /* tp_track_flex.png in Resources */,
				CB8DC7D71DCF1ECB00C9D34D /* a_s.png in Resources */,
				CB8DC7ED1DCF1ECB00C9D34D /* icon_loginkejian.png in Resources */,
				CBE8BF211DC5EC9400616A5F /* navi11.png in Resources */,
				CB44BA1D1DD31C360066BA50 /* tp_play_button@2x.png in Resources */,
				CB44BA1B1DD31C360066BA50 /* tp_pause_button@2x.png in Resources */,
				CBEA89D61DD1EE5F00D7A632 /* frh.png in Resources */,
				CB8DC7E01DCF1ECB00C9D34D /* aqa.png in Resources */,
				CB8DC7F71DCF1ECB00C9D34D /* ost.png in Resources */,
				CB10AE741DD09FB3008EE25B /* ad9.jpg in Resources */,
				CB8DC8031DCF1ECB00C9D34D /* tc.png in Resources */,
				CB44BA211DD31C360066BA50 /* tp_scrubber_knob@2x.png in Resources */,
				CB8DC7F21DCF1ECB00C9D34D /* night_z4.png in Resources */,
				CB44BA191DD31C360066BA50 /* close_video.png in Resources */,
				CB44BA261DD31C360066BA50 /* tp_transport_base.png in Resources */,
				CBEA89DC1DD1EE5F00D7A632 /* icon_tabbar_delete_disabled.png in Resources */,
				CB8DC7F81DCF1ECB00C9D34D /* osu.png in Resources */,
				CB10AE731DD09FB3008EE25B /* ad8.jpg in Resources */,
				CB8DC7DF1DCF1ECB00C9D34D /* aon.png in Resources */,
				CB8DC8011DCF1ECB00C9D34D /* pfg.png in Resources */,
				CB8DC7E41DCF1ECB00C9D34D /* atu.png in Resources */,
				CB8DC7E21DCF1ECB00C9D34D /* aqn.png in Resources */,
				CB8DC7FD1DCF1ECB00C9D34D /* pfc.png in Resources */,
				CBEA89E21DD1F2E600D7A632 /* record.png in Resources */,
				CB8DC7E31DCF1ECB00C9D34D /* atm.png in Resources */,
				CBEEE3F11DD0B5AA00CA0364 /* ad444.jpg in Resources */,
				CB10AE5E1DD097A9008EE25B /* ad2.jpg in Resources */,
				CB10AE711DD09FB3008EE25B /* ad6.jpg in Resources */,
				CB8DC7FF1DCF1ECB00C9D34D /* pfe.png in Resources */,
				CB8DC7F31DCF1ECB00C9D34D /* nov.png in Resources */,
				CBEEE3F61DD0B5AA00CA0364 /* ad999.jpg in Resources */,
				CB8DC7D61DCF1ECB00C9D34D /* a_o.png in Resources */,
				CBEEE3ED1DD0B5AA00CA0364 /* ad000.jpg in Resources */,
				CB8DC7EF1DCF1ECB00C9D34D /* icon_loginyincang.png in Resources */,
				CB8DC7F91DCF1ECB00C9D34D /* oto.png in Resources */,
				CB8DC7D11DCF1ECB00C9D34D /* a6t.png in Resources */,
				CB10AE6F1DD09FB3008EE25B /* ad4.jpg in Resources */,
				CB44BA1E1DD31C360066BA50 /* tp_scrubber_knob_highlighted.png in Resources */,
				CBE8BF201DC5EC9400616A5F /* navi1.png in Resources */,
				CB8DC7DA1DCF1ECB00C9D34D /* abf.png in Resources */,
				CBE8BF241DC5EC9400616A5F /* navi3.png in Resources */,
				CBE8BF221DC5EC9400616A5F /* navi2.png in Resources */,
				CB44BA1F1DD31C360066BA50 /* tp_scrubber_knob_highlighted@2x.png in Resources */,
				CBEA89DA1DD1EE5F00D7A632 /* ic_switch_camera.png in Resources */,
				CB10AE6E1DD09FB3008EE25B /* ad3.jpg in Resources */,
				CB8DC7F61DCF1ECB00C9D34D /* ocd.png in Resources */,
				CBE8BF251DC5EC9400616A5F /* navi33.png in Resources */,
				CB8DC7F01DCF1ECB00C9D34D /* img_zoom_flag.png in Resources */,
				CBEA89DE1DD1EE5F00D7A632 /* iig.png in Resources */,
				CB8DC7D01DCF1ECB00C9D34D /* a6s.png in Resources */,
				CB10AE5D1DD097A9008EE25B /* ad1.jpg in Resources */,
				CB8DC7FE1DCF1ECB00C9D34D /* pfd.png in Resources */,
				CBEEE3EF1DD0B5AA00CA0364 /* ad222.jpg in Resources */,
				CB8DC7F51DCF1ECB00C9D34D /* ntd.png in Resources */,
				CBEEE3F01DD0B5AA00CA0364 /* ad333.jpg in Resources */,
				CBEA89DB1DD1EE5F00D7A632 /* icon_photodelete.png in Resources */,
				CB8DC7D41DCF1ECB00C9D34D /* a_m.png in Resources */,
				CBE8BF261DC5EC9400616A5F /* navi4.png in Resources */,
				CB39FC2D1DC4B7AF006E7F91 /* LaunchScreen.storyboard in Resources */,
				CBE8BF231DC5EC9400616A5F /* navi22.png in Resources */,
				CB8DC7DC1DCF1ECB00C9D34D /* ag7.png in Resources */,
				CB8DC7D51DCF1ECB00C9D34D /* a_n.png in Resources */,
				CB8DC7EE1DCF1ECB00C9D34D /* icon_loginkejian2.png in Resources */,
				CB44BA031DD2B0E70066BA50 /* recording.png in Resources */,
				CB39FC2A1DC4B7AF006E7F91 /* Assets.xcassets in Resources */,
				CB44BA241DD31C360066BA50 /* tp_track_highlight_flex.png in Resources */,
				CB8DC7E81DCF1ECB00C9D34D /* biz_news_details_merchant_auth.png in Resources */,
			);
			runOnlyForDeploymentPostprocessing = 0;
		};
/* End PBXResourcesBuildPhase section */

/* Begin PBXShellScriptBuildPhase section */
		87A93F7C31B6FC944854263B /* [CP] Copy Pods Resources */ = {
			isa = PBXShellScriptBuildPhase;
			buildActionMask = 2147483647;
			files = (
			);
			inputPaths = (
			);
			name = "[CP] Copy Pods Resources";
			outputPaths = (
			);
			runOnlyForDeploymentPostprocessing = 0;
			shellPath = /bin/sh;
			shellScript = "\"${SRCROOT}/Pods/Target Support Files/Pods-IosOcDemo/Pods-IosOcDemo-resources.sh\"\n";
			showEnvVarsInLog = 0;
		};
		B5C70BB1B887AFD95CE17EDF /* [CP] Check Pods Manifest.lock */ = {
			isa = PBXShellScriptBuildPhase;
			buildActionMask = 2147483647;
			files = (
			);
			inputPaths = (
			);
			name = "[CP] Check Pods Manifest.lock";
			outputPaths = (
			);
			runOnlyForDeploymentPostprocessing = 0;
			shellPath = /bin/sh;
			shellScript = "diff \"${PODS_ROOT}/../Podfile.lock\" \"${PODS_ROOT}/Manifest.lock\" > /dev/null\nif [ $? != 0 ] ; then\n    # print error to STDERR\n    echo \"error: The sandbox is not in sync with the Podfile.lock. Run 'pod install' or update your CocoaPods installation.\" >&2\n    exit 1\nfi\n";
			showEnvVarsInLog = 0;
		};
		EF6BE2FA647123463623AB46 /* [CP] Embed Pods Frameworks */ = {
			isa = PBXShellScriptBuildPhase;
			buildActionMask = 2147483647;
			files = (
			);
			inputPaths = (
			);
			name = "[CP] Embed Pods Frameworks";
			outputPaths = (
			);
			runOnlyForDeploymentPostprocessing = 0;
			shellPath = /bin/sh;
			shellScript = "\"${SRCROOT}/Pods/Target Support Files/Pods-IosOcDemo/Pods-IosOcDemo-frameworks.sh\"\n";
			showEnvVarsInLog = 0;
		};
/* End PBXShellScriptBuildPhase section */

/* Begin PBXSourcesBuildPhase section */
		CB39FC131DC4B7AE006E7F91 /* Sources */ = {
			isa = PBXSourcesBuildPhase;
			buildActionMask = 2147483647;
			files = (
				CBE8BEA51DC5E37B00616A5F /* ViewComponent.m in Sources */,
				CB44BA061DD2E5730066BA50 /* PlayVideoViewController.m in Sources */,
				CBEA16C21DC4BCC200474B2E /* FilterImplement.m in Sources */,
				CB39FC281DC4B7AF006E7F91 /* IosOcDemo.xcdatamodeld in Sources */,
				CBE8BE9E1DC5D3AC00616A5F /* CoreDataManager.m in Sources */,
				CBEA16C11DC4BCC200474B2E /* PublicEvent.m in Sources */,
				CBEA16C31DC4BCC200474B2E /* AnimationEvent.m in Sources */,
				CBEA16BE1DC4BCC200474B2E /* InvocationHandler.m in Sources */,
				CBFB49FD1DC589E10018AEBA /* HomeViewController.m in Sources */,
				CBEA16C01DC4BCC200474B2E /* Proxy.m in Sources */,
				CBDB11111DC59DE1005B236C /* CollectManager.m in Sources */,
				CB8DC78D1DCF0E7500C9D34D /* CategoryItem.m in Sources */,
				CBEA89C11DD1AC6500D7A632 /* CommuneView.m in Sources */,
				CB39FC1F1DC4B7AF006E7F91 /* AppDelegate.m in Sources */,
				CBE8BEB31DC5E96A00616A5F /* UserViewController.m in Sources */,
				CBEA16D31DC4CAE900474B2E /* HomeView.m in Sources */,
				CBEA16BF1DC4BCC200474B2E /* Loader.m in Sources */,
				CBE8BEAD1DC5E93100616A5F /* CommuneViewController.m in Sources */,
				CB44BA091DD2E5C80066BA50 /* PlayVideoView.m in Sources */,
				CB8DC7901DCF0F4F00C9D34D /* CategorySubItem.m in Sources */,
				CBE8BEAA1DC5E86B00616A5F /* CommonTheme.m in Sources */,
				CBEA16CC1DC4C19000474B2E /* BaseViewController.m in Sources */,
				CBEA16D61DC4D4FF00474B2E /* BaseView.m in Sources */,
				CBEA16C81DC4BCC200474B2E /* ViewState.m in Sources */,
				CBE8BEB01DC5E94E00616A5F /* PublishViewController.m in Sources */,
				CBEA16C51DC4BCC200474B2E /* HttpRequestHelperImpl.m in Sources */,
				CBE8BEA21DC5E12900616A5F /* TabBarViewController.m in Sources */,
				CBEA16C71DC4BCC200474B2E /* ViewUtils.m in Sources */,
				CB44BA2B1DD325BD0066BA50 /* AVPlayerItem+THVideoPlayerAdditions.m in Sources */,
				CBEA16C41DC4BCC200474B2E /* DefaultLoader.m in Sources */,
				CBEB78B71DC6EC8A00819D3C /* PublishView.m in Sources */,
				CBEA16C61DC4BCC200474B2E /* UrlParser.m in Sources */,
				CB39FC1C1DC4B7AF006E7F91 /* main.m in Sources */,
			);
			runOnlyForDeploymentPostprocessing = 0;
		};
/* End PBXSourcesBuildPhase section */

/* Begin PBXVariantGroup section */
		CB39FC2B1DC4B7AF006E7F91 /* LaunchScreen.storyboard */ = {
			isa = PBXVariantGroup;
			children = (
				CB39FC2C1DC4B7AF006E7F91 /* Base */,
			);
			name = LaunchScreen.storyboard;
			sourceTree = "<group>";
		};
/* End PBXVariantGroup section */

/* Begin XCBuildConfiguration section */
		CB39FC2F1DC4B7AF006E7F91 /* Debug */ = {
			isa = XCBuildConfiguration;
			buildSettings = {
				ALWAYS_SEARCH_USER_PATHS = NO;
				CLANG_ANALYZER_NONNULL = YES;
				CLANG_CXX_LANGUAGE_STANDARD = "gnu++0x";
				CLANG_CXX_LIBRARY = "libc++";
				CLANG_ENABLE_MODULES = YES;
				CLANG_ENABLE_OBJC_ARC = YES;
				CLANG_WARN_BOOL_CONVERSION = YES;
				CLANG_WARN_CONSTANT_CONVERSION = YES;
				CLANG_WARN_DIRECT_OBJC_ISA_USAGE = YES_ERROR;
				CLANG_WARN_DOCUMENTATION_COMMENTS = YES;
				CLANG_WARN_EMPTY_BODY = YES;
				CLANG_WARN_ENUM_CONVERSION = YES;
				CLANG_WARN_INFINITE_RECURSION = YES;
				CLANG_WARN_INT_CONVERSION = YES;
				CLANG_WARN_OBJC_ROOT_CLASS = YES_ERROR;
				CLANG_WARN_SUSPICIOUS_MOVES = YES;
				CLANG_WARN_UNREACHABLE_CODE = YES;
				CLANG_WARN__DUPLICATE_METHOD_MATCH = YES;
				"CODE_SIGN_IDENTITY[sdk=iphoneos*]" = "iPhone Developer";
				COPY_PHASE_STRIP = NO;
				DEBUG_INFORMATION_FORMAT = dwarf;
				ENABLE_STRICT_OBJC_MSGSEND = YES;
				ENABLE_TESTABILITY = YES;
				GCC_C_LANGUAGE_STANDARD = gnu99;
				GCC_DYNAMIC_NO_PIC = NO;
				GCC_NO_COMMON_BLOCKS = YES;
				GCC_OPTIMIZATION_LEVEL = 0;
				GCC_PREPROCESSOR_DEFINITIONS = (
					"DEBUG=1",
					"$(inherited)",
				);
				GCC_WARN_64_TO_32_BIT_CONVERSION = YES;
				GCC_WARN_ABOUT_RETURN_TYPE = YES_ERROR;
				GCC_WARN_UNDECLARED_SELECTOR = YES;
				GCC_WARN_UNINITIALIZED_AUTOS = YES_AGGRESSIVE;
				GCC_WARN_UNUSED_FUNCTION = YES;
				GCC_WARN_UNUSED_VARIABLE = YES;
				IPHONEOS_DEPLOYMENT_TARGET = 8.0;
				MTL_ENABLE_DEBUG_INFO = YES;
				ONLY_ACTIVE_ARCH = YES;
				SDKROOT = iphoneos;
				TARGETED_DEVICE_FAMILY = "1,2";
			};
			name = Debug;
		};
		CB39FC301DC4B7AF006E7F91 /* Release */ = {
			isa = XCBuildConfiguration;
			buildSettings = {
				ALWAYS_SEARCH_USER_PATHS = NO;
				CLANG_ANALYZER_NONNULL = YES;
				CLANG_CXX_LANGUAGE_STANDARD = "gnu++0x";
				CLANG_CXX_LIBRARY = "libc++";
				CLANG_ENABLE_MODULES = YES;
				CLANG_ENABLE_OBJC_ARC = YES;
				CLANG_WARN_BOOL_CONVERSION = YES;
				CLANG_WARN_CONSTANT_CONVERSION = YES;
				CLANG_WARN_DIRECT_OBJC_ISA_USAGE = YES_ERROR;
				CLANG_WARN_DOCUMENTATION_COMMENTS = YES;
				CLANG_WARN_EMPTY_BODY = YES;
				CLANG_WARN_ENUM_CONVERSION = YES;
				CLANG_WARN_INFINITE_RECURSION = YES;
				CLANG_WARN_INT_CONVERSION = YES;
				CLANG_WARN_OBJC_ROOT_CLASS = YES_ERROR;
				CLANG_WARN_SUSPICIOUS_MOVES = YES;
				CLANG_WARN_UNREACHABLE_CODE = YES;
				CLANG_WARN__DUPLICATE_METHOD_MATCH = YES;
				"CODE_SIGN_IDENTITY[sdk=iphoneos*]" = "iPhone Developer";
				COPY_PHASE_STRIP = NO;
				DEBUG_INFORMATION_FORMAT = "dwarf-with-dsym";
				ENABLE_NS_ASSERTIONS = NO;
				ENABLE_STRICT_OBJC_MSGSEND = YES;
				GCC_C_LANGUAGE_STANDARD = gnu99;
				GCC_NO_COMMON_BLOCKS = YES;
				GCC_WARN_64_TO_32_BIT_CONVERSION = YES;
				GCC_WARN_ABOUT_RETURN_TYPE = YES_ERROR;
				GCC_WARN_UNDECLARED_SELECTOR = YES;
				GCC_WARN_UNINITIALIZED_AUTOS = YES_AGGRESSIVE;
				GCC_WARN_UNUSED_FUNCTION = YES;
				GCC_WARN_UNUSED_VARIABLE = YES;
				IPHONEOS_DEPLOYMENT_TARGET = 8.0;
				MTL_ENABLE_DEBUG_INFO = NO;
				SDKROOT = iphoneos;
				TARGETED_DEVICE_FAMILY = "1,2";
				VALIDATE_PRODUCT = YES;
			};
			name = Release;
		};
		CB39FC321DC4B7AF006E7F91 /* Debug */ = {
			isa = XCBuildConfiguration;
			baseConfigurationReference = 6E486597695C169B1AEAF6C2 /* Pods-IosOcDemo.debug.xcconfig */;
			buildSettings = {
				ASSETCATALOG_COMPILER_APPICON_NAME = AppIcon;
				DEVELOPMENT_TEAM = KNPK5829MU;
				ENABLE_BITCODE = NO;
				INFOPLIST_FILE = IosOcDemo/Info.plist;
				IPHONEOS_DEPLOYMENT_TARGET = 8.1;
				LD_RUNPATH_SEARCH_PATHS = "$(inherited) @executable_path/Frameworks";
				PRODUCT_BUNDLE_IDENTIFIER = com.feilerr.IosOcDemo;
				PRODUCT_NAME = "$(TARGET_NAME)";
				TARGETED_DEVICE_FAMILY = "1,2";
			};
			name = Debug;
		};
		CB39FC331DC4B7AF006E7F91 /* Release */ = {
			isa = XCBuildConfiguration;
			baseConfigurationReference = A14070E22A9D7E6A970B3353 /* Pods-IosOcDemo.release.xcconfig */;
			buildSettings = {
				ASSETCATALOG_COMPILER_APPICON_NAME = AppIcon;
				DEVELOPMENT_TEAM = KNPK5829MU;
				ENABLE_BITCODE = NO;
				INFOPLIST_FILE = IosOcDemo/Info.plist;
				IPHONEOS_DEPLOYMENT_TARGET = 8.1;
				LD_RUNPATH_SEARCH_PATHS = "$(inherited) @executable_path/Frameworks";
				PRODUCT_BUNDLE_IDENTIFIER = com.feilerr.IosOcDemo;
				PRODUCT_NAME = "$(TARGET_NAME)";
				TARGETED_DEVICE_FAMILY = "1,2";
			};
			name = Release;
		};
/* End XCBuildConfiguration section */

/* Begin XCConfigurationList section */
		CB39FC121DC4B7AE006E7F91 /* Build configuration list for PBXProject "IosOcDemo" */ = {
			isa = XCConfigurationList;
			buildConfigurations = (
				CB39FC2F1DC4B7AF006E7F91 /* Debug */,
				CB39FC301DC4B7AF006E7F91 /* Release */,
			);
			defaultConfigurationIsVisible = 0;
			defaultConfigurationName = Release;
		};
		CB39FC311DC4B7AF006E7F91 /* Build configuration list for PBXNativeTarget "IosOcDemo" */ = {
			isa = XCConfigurationList;
			buildConfigurations = (
				CB39FC321DC4B7AF006E7F91 /* Debug */,
				CB39FC331DC4B7AF006E7F91 /* Release */,
			);
			defaultConfigurationIsVisible = 0;
			defaultConfigurationName = Release;
		};
/* End XCConfigurationList section */

/* Begin XCVersionGroup section */
		CB39FC261DC4B7AF006E7F91 /* IosOcDemo.xcdatamodeld */ = {
			isa = XCVersionGroup;
			children = (
				CB39FC271DC4B7AF006E7F91 /* IosOcDemo.xcdatamodel */,
			);
			currentVersion = CB39FC271DC4B7AF006E7F91 /* IosOcDemo.xcdatamodel */;
			path = IosOcDemo.xcdatamodeld;
			sourceTree = "<group>";
			versionGroupType = wrapper.xcdatamodel;
		};
/* End XCVersionGroup section */
	};
	rootObject = CB39FC0F1DC4B7AE006E7F91 /* Project object */;
}
